
Microsoft Visual Studio Solution File, Format Version 12.00
# Visual Studio 14
VisualStudioVersion = 14.0.25420.1
MinimumVisualStudioVersion = 10.0.40219.1
Project("{8BC9CEB8-8B4A-11D0-8D11-00A0C91BC942}") = "Graphics", "Graphics\Graphics.vcxproj", "{8B062A9B-8100-4E76-A62F-CC274EA1753D}"
	ProjectSection(ProjectDependencies) = postProject
		{A8E79958-0EAE-46DC-8161-143F33F1DB40} = {A8E79958-0EAE-46DC-8161-143F33F1DB40}
		{4D037CF2-6076-483C-A28A-96A958158213} = {4D037CF2-6076-483C-A28A-96A958158213}
	EndProjectSection
EndProject
Project("{8BC9CEB8-8B4A-11D0-8D11-00A0C91BC942}") = "PassiveBot", "PassiveBot\PassiveBot.vcxproj", "{945517CC-D19D-4232-88B0-E32156ED0336}"
	ProjectSection(ProjectDependencies) = postProject
		{EEE21940-A07D-4D1F-84EA-66079CEAE25F} = {EEE21940-A07D-4D1F-84EA-66079CEAE25F}
		{A8E79958-0EAE-46DC-8161-143F33F1DB40} = {A8E79958-0EAE-46DC-8161-143F33F1DB40}
		{F6EBE1D0-62ED-4F87-AB1C-E019B44A3D38} = {F6EBE1D0-62ED-4F87-AB1C-E019B44A3D38}
		{4D037CF2-6076-483C-A28A-96A958158213} = {4D037CF2-6076-483C-A28A-96A958158213}
	EndProjectSection
EndProject
Project("{8BC9CEB8-8B4A-11D0-8D11-00A0C91BC942}") = "Tools", "Tools\Tools.vcxproj", "{FBA856A2-A371-492C-97D8-60133EF2E782}"
EndProject
Project("{8BC9CEB8-8B4A-11D0-8D11-00A0C91BC942}") = "WowInteraction", "WowInteraction\WowInteraction.vcxproj", "{4D037CF2-6076-483C-A28A-96A958158213}"
	ProjectSection(ProjectDependencies) = postProject
		{FBA856A2-A371-492C-97D8-60133EF2E782} = {FBA856A2-A371-492C-97D8-60133EF2E782}
	EndProjectSection
EndProject
Project("{8BC9CEB8-8B4A-11D0-8D11-00A0C91BC942}") = "WowWorldsData", "WowWorldsData\WowWorldsData.vcxproj", "{A8E79958-0EAE-46DC-8161-143F33F1DB40}"
	ProjectSection(ProjectDependencies) = postProject
		{FBA856A2-A371-492C-97D8-60133EF2E782} = {FBA856A2-A371-492C-97D8-60133EF2E782}
		{4D037CF2-6076-483C-A28A-96A958158213} = {4D037CF2-6076-483C-A28A-96A958158213}
	EndProjectSection
EndProject
Project("{8BC9CEB8-8B4A-11D0-8D11-00A0C91BC942}") = "BotInteractor", "BotInteractor\BotInteractor.vcxproj", "{EEE21940-A07D-4D1F-84EA-66079CEAE25F}"
	ProjectSection(ProjectDependencies) = postProject
		{A8E79958-0EAE-46DC-8161-143F33F1DB40} = {A8E79958-0EAE-46DC-8161-143F33F1DB40}
		{4D037CF2-6076-483C-A28A-96A958158213} = {4D037CF2-6076-483C-A28A-96A958158213}
	EndProjectSection
EndProject
Project("{8BC9CEB8-8B4A-11D0-8D11-00A0C91BC942}") = "WorldViewer", "WorldViewer\WorldViewer.vcxproj", "{D90AFB37-0218-4F93-9945-2E49DBADB8D9}"
	ProjectSection(ProjectDependencies) = postProject
		{A8E79958-0EAE-46DC-8161-143F33F1DB40} = {A8E79958-0EAE-46DC-8161-143F33F1DB40}
		{BA0C257F-E2AC-4F48-BB97-0C18E6CC7625} = {BA0C257F-E2AC-4F48-BB97-0C18E6CC7625}
		{8B062A9B-8100-4E76-A62F-CC274EA1753D} = {8B062A9B-8100-4E76-A62F-CC274EA1753D}
		{F6EBE1D0-62ED-4F87-AB1C-E019B44A3D38} = {F6EBE1D0-62ED-4F87-AB1C-E019B44A3D38}
	EndProjectSection
EndProject
Project("{888888A0-9F3D-457C-B088-3A5042F75D52}") = "PassiveBotPy", "PassiveBotPy\PassiveBotPy.pyproj", "{AB059170-2CC4-45B2-ABE4-74B9F67817AF}"
EndProject
Project("{8BC9CEB8-8B4A-11D0-8D11-00A0C91BC942}") = "NetworkCommuniсation", "NetworkCommuniсation\NetworkCommuniсation.vcxproj", "{F6EBE1D0-62ED-4F87-AB1C-E019B44A3D38}"
	ProjectSection(ProjectDependencies) = postProject
		{4D037CF2-6076-483C-A28A-96A958158213} = {4D037CF2-6076-483C-A28A-96A958158213}
	EndProjectSection
EndProject
Project("{888888A0-9F3D-457C-B088-3A5042F75D52}") = "ActivityBuilder", "ActivityBuilder\ActivityBuilder.pyproj", "{D5AEC004-99B8-4398-AADB-5CE77BD2CC86}"
EndProject
Project("{8BC9CEB8-8B4A-11D0-8D11-00A0C91BC942}") = "PathGenerator", "PathGenerator\PathGenerator.vcxproj", "{BA0C257F-E2AC-4F48-BB97-0C18E6CC7625}"
	ProjectSection(ProjectDependencies) = postProject
		{A8E79958-0EAE-46DC-8161-143F33F1DB40} = {A8E79958-0EAE-46DC-8161-143F33F1DB40}
		{FBA856A2-A371-492C-97D8-60133EF2E782} = {FBA856A2-A371-492C-97D8-60133EF2E782}
	EndProjectSection
EndProject
Project("{8BC9CEB8-8B4A-11D0-8D11-00A0C91BC942}") = "DLL_Injector", "DLL_Injector\DLL_Injector.vcxproj", "{44EADDC1-A72A-49C7-9C01-CA5567FB5B88}"
EndProject
Global
	GlobalSection(SolutionConfigurationPlatforms) = preSolution
		Debug|Any CPU = Debug|Any CPU
		Debug|Win32 = Debug|Win32
		Debug|x64 = Debug|x64
		DebugAD|Any CPU = DebugAD|Any CPU
		DebugAD|Win32 = DebugAD|Win32
		DebugAD|x64 = DebugAD|x64
		DebugAS|Any CPU = DebugAS|Any CPU
		DebugAS|Win32 = DebugAS|Win32
		DebugAS|x64 = DebugAS|x64
		DebugUD|Any CPU = DebugUD|Any CPU
		DebugUD|Win32 = DebugUD|Win32
		DebugUD|x64 = DebugUD|x64
		DebugUS|Any CPU = DebugUS|Any CPU
		DebugUS|Win32 = DebugUS|Win32
		DebugUS|x64 = DebugUS|x64
		RelDev|Any CPU = RelDev|Any CPU
		RelDev|Win32 = RelDev|Win32
		RelDev|x64 = RelDev|x64
		Release|Any CPU = Release|Any CPU
		Release|Win32 = Release|Win32
		Release|x64 = Release|x64
		ReleaseAD|Any CPU = ReleaseAD|Any CPU
		ReleaseAD|Win32 = ReleaseAD|Win32
		ReleaseAD|x64 = ReleaseAD|x64
		ReleaseAS|Any CPU = ReleaseAS|Any CPU
		ReleaseAS|Win32 = ReleaseAS|Win32
		ReleaseAS|x64 = ReleaseAS|x64
		ReleaseUD|Any CPU = ReleaseUD|Any CPU
		ReleaseUD|Win32 = ReleaseUD|Win32
		ReleaseUD|x64 = ReleaseUD|x64
		ReleaseUS|Any CPU = ReleaseUS|Any CPU
		ReleaseUS|Win32 = ReleaseUS|Win32
		ReleaseUS|x64 = ReleaseUS|x64
	EndGlobalSection
	GlobalSection(ProjectConfigurationPlatforms) = postSolution
		{8B062A9B-8100-4E76-A62F-CC274EA1753D}.Debug|Any CPU.ActiveCfg = Debug|Win32
		{8B062A9B-8100-4E76-A62F-CC274EA1753D}.Debug|Win32.ActiveCfg = Debug|Win32
		{8B062A9B-8100-4E76-A62F-CC274EA1753D}.Debug|Win32.Build.0 = Debug|Win32
		{8B062A9B-8100-4E76-A62F-CC274EA1753D}.Debug|x64.ActiveCfg = Debug|Win32
		{8B062A9B-8100-4E76-A62F-CC274EA1753D}.DebugAD|Any CPU.ActiveCfg = Release|Win32
		{8B062A9B-8100-4E76-A62F-CC274EA1753D}.DebugAD|Any CPU.Build.0 = Release|Win32
		{8B062A9B-8100-4E76-A62F-CC274EA1753D}.DebugAD|Win32.ActiveCfg = Debug|Win32
		{8B062A9B-8100-4E76-A62F-CC274EA1753D}.DebugAD|Win32.Build.0 = Debug|Win32
		{8B062A9B-8100-4E76-A62F-CC274EA1753D}.DebugAD|x64.ActiveCfg = Release|Win32
		{8B062A9B-8100-4E76-A62F-CC274EA1753D}.DebugAD|x64.Build.0 = Release|Win32
		{8B062A9B-8100-4E76-A62F-CC274EA1753D}.DebugAS|Any CPU.ActiveCfg = Release|Win32
		{8B062A9B-8100-4E76-A62F-CC274EA1753D}.DebugAS|Any CPU.Build.0 = Release|Win32
		{8B062A9B-8100-4E76-A62F-CC274EA1753D}.DebugAS|Win32.ActiveCfg = Debug|Win32
		{8B062A9B-8100-4E76-A62F-CC274EA1753D}.DebugAS|Win32.Build.0 = Debug|Win32
		{8B062A9B-8100-4E76-A62F-CC274EA1753D}.DebugAS|x64.ActiveCfg = Release|Win32
		{8B062A9B-8100-4E76-A62F-CC274EA1753D}.DebugAS|x64.Build.0 = Release|Win32
		{8B062A9B-8100-4E76-A62F-CC274EA1753D}.DebugUD|Any CPU.ActiveCfg = Release|Win32
		{8B062A9B-8100-4E76-A62F-CC274EA1753D}.DebugUD|Any CPU.Build.0 = Release|Win32
		{8B062A9B-8100-4E76-A62F-CC274EA1753D}.DebugUD|Win32.ActiveCfg = Debug|Win32
		{8B062A9B-8100-4E76-A62F-CC274EA1753D}.DebugUD|Win32.Build.0 = Debug|Win32
		{8B062A9B-8100-4E76-A62F-CC274EA1753D}.DebugUD|x64.ActiveCfg = Release|Win32
		{8B062A9B-8100-4E76-A62F-CC274EA1753D}.DebugUD|x64.Build.0 = Release|Win32
		{8B062A9B-8100-4E76-A62F-CC274EA1753D}.DebugUS|Any CPU.ActiveCfg = Release|Win32
		{8B062A9B-8100-4E76-A62F-CC274EA1753D}.DebugUS|Any CPU.Build.0 = Release|Win32
		{8B062A9B-8100-4E76-A62F-CC274EA1753D}.DebugUS|Win32.ActiveCfg = Debug|Win32
		{8B062A9B-8100-4E76-A62F-CC274EA1753D}.DebugUS|Win32.Build.0 = Debug|Win32
		{8B062A9B-8100-4E76-A62F-CC274EA1753D}.DebugUS|x64.ActiveCfg = Release|Win32
		{8B062A9B-8100-4E76-A62F-CC274EA1753D}.DebugUS|x64.Build.0 = Release|Win32
		{8B062A9B-8100-4E76-A62F-CC274EA1753D}.RelDev|Any CPU.ActiveCfg = RelDev|Win32
		{8B062A9B-8100-4E76-A62F-CC274EA1753D}.RelDev|Win32.ActiveCfg = RelDev|Win32
		{8B062A9B-8100-4E76-A62F-CC274EA1753D}.RelDev|Win32.Build.0 = RelDev|Win32
		{8B062A9B-8100-4E76-A62F-CC274EA1753D}.RelDev|x64.ActiveCfg = RelDev|Win32
		{8B062A9B-8100-4E76-A62F-CC274EA1753D}.Release|Any CPU.ActiveCfg = Release|Win32
		{8B062A9B-8100-4E76-A62F-CC274EA1753D}.Release|Win32.ActiveCfg = Release|Win32
		{8B062A9B-8100-4E76-A62F-CC274EA1753D}.Release|Win32.Build.0 = Release|Win32
		{8B062A9B-8100-4E76-A62F-CC274EA1753D}.Release|x64.ActiveCfg = Release|Win32
		{8B062A9B-8100-4E76-A62F-CC274EA1753D}.ReleaseAD|Any CPU.ActiveCfg = Release|Win32
		{8B062A9B-8100-4E76-A62F-CC274EA1753D}.ReleaseAD|Any CPU.Build.0 = Release|Win32
		{8B062A9B-8100-4E76-A62F-CC274EA1753D}.ReleaseAD|Win32.ActiveCfg = Release|Win32
		{8B062A9B-8100-4E76-A62F-CC274EA1753D}.ReleaseAD|Win32.Build.0 = Release|Win32
		{8B062A9B-8100-4E76-A62F-CC274EA1753D}.ReleaseAD|x64.ActiveCfg = Release|Win32
		{8B062A9B-8100-4E76-A62F-CC274EA1753D}.ReleaseAD|x64.Build.0 = Release|Win32
		{8B062A9B-8100-4E76-A62F-CC274EA1753D}.ReleaseAS|Any CPU.ActiveCfg = Release|Win32
		{8B062A9B-8100-4E76-A62F-CC274EA1753D}.ReleaseAS|Any CPU.Build.0 = Release|Win32
		{8B062A9B-8100-4E76-A62F-CC274EA1753D}.ReleaseAS|Win32.ActiveCfg = Release|Win32
		{8B062A9B-8100-4E76-A62F-CC274EA1753D}.ReleaseAS|Win32.Build.0 = Release|Win32
		{8B062A9B-8100-4E76-A62F-CC274EA1753D}.ReleaseAS|x64.ActiveCfg = Release|Win32
		{8B062A9B-8100-4E76-A62F-CC274EA1753D}.ReleaseAS|x64.Build.0 = Release|Win32
		{8B062A9B-8100-4E76-A62F-CC274EA1753D}.ReleaseUD|Any CPU.ActiveCfg = Release|Win32
		{8B062A9B-8100-4E76-A62F-CC274EA1753D}.ReleaseUD|Any CPU.Build.0 = Release|Win32
		{8B062A9B-8100-4E76-A62F-CC274EA1753D}.ReleaseUD|Win32.ActiveCfg = Release|Win32
		{8B062A9B-8100-4E76-A62F-CC274EA1753D}.ReleaseUD|Win32.Build.0 = Release|Win32
		{8B062A9B-8100-4E76-A62F-CC274EA1753D}.ReleaseUD|x64.ActiveCfg = Release|Win32
		{8B062A9B-8100-4E76-A62F-CC274EA1753D}.ReleaseUD|x64.Build.0 = Release|Win32
		{8B062A9B-8100-4E76-A62F-CC274EA1753D}.ReleaseUS|Any CPU.ActiveCfg = Release|Win32
		{8B062A9B-8100-4E76-A62F-CC274EA1753D}.ReleaseUS|Any CPU.Build.0 = Release|Win32
		{8B062A9B-8100-4E76-A62F-CC274EA1753D}.ReleaseUS|Win32.ActiveCfg = Release|Win32
		{8B062A9B-8100-4E76-A62F-CC274EA1753D}.ReleaseUS|Win32.Build.0 = Release|Win32
		{8B062A9B-8100-4E76-A62F-CC274EA1753D}.ReleaseUS|x64.ActiveCfg = Release|Win32
		{8B062A9B-8100-4E76-A62F-CC274EA1753D}.ReleaseUS|x64.Build.0 = Release|Win32
		{945517CC-D19D-4232-88B0-E32156ED0336}.Debug|Any CPU.ActiveCfg = Debug|Win32
		{945517CC-D19D-4232-88B0-E32156ED0336}.Debug|Win32.ActiveCfg = Debug|Win32
		{945517CC-D19D-4232-88B0-E32156ED0336}.Debug|Win32.Build.0 = Debug|Win32
		{945517CC-D19D-4232-88B0-E32156ED0336}.Debug|x64.ActiveCfg = Debug|Win32
		{945517CC-D19D-4232-88B0-E32156ED0336}.DebugAD|Any CPU.ActiveCfg = Release|Win32
		{945517CC-D19D-4232-88B0-E32156ED0336}.DebugAD|Any CPU.Build.0 = Release|Win32
		{945517CC-D19D-4232-88B0-E32156ED0336}.DebugAD|Win32.ActiveCfg = Debug|Win32
		{945517CC-D19D-4232-88B0-E32156ED0336}.DebugAD|Win32.Build.0 = Debug|Win32
		{945517CC-D19D-4232-88B0-E32156ED0336}.DebugAD|x64.ActiveCfg = Release|Win32
		{945517CC-D19D-4232-88B0-E32156ED0336}.DebugAD|x64.Build.0 = Release|Win32
		{945517CC-D19D-4232-88B0-E32156ED0336}.DebugAS|Any CPU.ActiveCfg = Release|Win32
		{945517CC-D19D-4232-88B0-E32156ED0336}.DebugAS|Any CPU.Build.0 = Release|Win32
		{945517CC-D19D-4232-88B0-E32156ED0336}.DebugAS|Win32.ActiveCfg = Debug|Win32
		{945517CC-D19D-4232-88B0-E32156ED0336}.DebugAS|Win32.Build.0 = Debug|Win32
		{945517CC-D19D-4232-88B0-E32156ED0336}.DebugAS|x64.ActiveCfg = Release|Win32
		{945517CC-D19D-4232-88B0-E32156ED0336}.DebugAS|x64.Build.0 = Release|Win32
		{945517CC-D19D-4232-88B0-E32156ED0336}.DebugUD|Any CPU.ActiveCfg = Release|Win32
		{945517CC-D19D-4232-88B0-E32156ED0336}.DebugUD|Any CPU.Build.0 = Release|Win32
		{945517CC-D19D-4232-88B0-E32156ED0336}.DebugUD|Win32.ActiveCfg = Debug|Win32
		{945517CC-D19D-4232-88B0-E32156ED0336}.DebugUD|Win32.Build.0 = Debug|Win32
		{945517CC-D19D-4232-88B0-E32156ED0336}.DebugUD|x64.ActiveCfg = Release|Win32
		{945517CC-D19D-4232-88B0-E32156ED0336}.DebugUD|x64.Build.0 = Release|Win32
		{945517CC-D19D-4232-88B0-E32156ED0336}.DebugUS|Any CPU.ActiveCfg = Release|Win32
		{945517CC-D19D-4232-88B0-E32156ED0336}.DebugUS|Any CPU.Build.0 = Release|Win32
		{945517CC-D19D-4232-88B0-E32156ED0336}.DebugUS|Win32.ActiveCfg = Debug|Win32
		{945517CC-D19D-4232-88B0-E32156ED0336}.DebugUS|Win32.Build.0 = Debug|Win32
		{945517CC-D19D-4232-88B0-E32156ED0336}.DebugUS|x64.ActiveCfg = Release|Win32
		{945517CC-D19D-4232-88B0-E32156ED0336}.DebugUS|x64.Build.0 = Release|Win32
		{945517CC-D19D-4232-88B0-E32156ED0336}.RelDev|Any CPU.ActiveCfg = RelDev|Win32
		{945517CC-D19D-4232-88B0-E32156ED0336}.RelDev|Win32.ActiveCfg = RelDev|Win32
		{945517CC-D19D-4232-88B0-E32156ED0336}.RelDev|Win32.Build.0 = RelDev|Win32
		{945517CC-D19D-4232-88B0-E32156ED0336}.RelDev|x64.ActiveCfg = RelDev|Win32
		{945517CC-D19D-4232-88B0-E32156ED0336}.Release|Any CPU.ActiveCfg = Release|Win32
		{945517CC-D19D-4232-88B0-E32156ED0336}.Release|Win32.ActiveCfg = Release|Win32
		{945517CC-D19D-4232-88B0-E32156ED0336}.Release|Win32.Build.0 = Release|Win32
		{945517CC-D19D-4232-88B0-E32156ED0336}.Release|x64.ActiveCfg = Release|Win32
		{945517CC-D19D-4232-88B0-E32156ED0336}.ReleaseAD|Any CPU.ActiveCfg = Release|Win32
		{945517CC-D19D-4232-88B0-E32156ED0336}.ReleaseAD|Any CPU.Build.0 = Release|Win32
		{945517CC-D19D-4232-88B0-E32156ED0336}.ReleaseAD|Win32.ActiveCfg = Release|Win32
		{945517CC-D19D-4232-88B0-E32156ED0336}.ReleaseAD|Win32.Build.0 = Release|Win32
		{945517CC-D19D-4232-88B0-E32156ED0336}.ReleaseAD|x64.ActiveCfg = Release|Win32
		{945517CC-D19D-4232-88B0-E32156ED0336}.ReleaseAD|x64.Build.0 = Release|Win32
		{945517CC-D19D-4232-88B0-E32156ED0336}.ReleaseAS|Any CPU.ActiveCfg = Release|Win32
		{945517CC-D19D-4232-88B0-E32156ED0336}.ReleaseAS|Any CPU.Build.0 = Release|Win32
		{945517CC-D19D-4232-88B0-E32156ED0336}.ReleaseAS|Win32.ActiveCfg = Release|Win32
		{945517CC-D19D-4232-88B0-E32156ED0336}.ReleaseAS|Win32.Build.0 = Release|Win32
		{945517CC-D19D-4232-88B0-E32156ED0336}.ReleaseAS|x64.ActiveCfg = Release|Win32
		{945517CC-D19D-4232-88B0-E32156ED0336}.ReleaseAS|x64.Build.0 = Release|Win32
		{945517CC-D19D-4232-88B0-E32156ED0336}.ReleaseUD|Any CPU.ActiveCfg = Release|Win32
		{945517CC-D19D-4232-88B0-E32156ED0336}.ReleaseUD|Any CPU.Build.0 = Release|Win32
		{945517CC-D19D-4232-88B0-E32156ED0336}.ReleaseUD|Win32.ActiveCfg = Release|Win32
		{945517CC-D19D-4232-88B0-E32156ED0336}.ReleaseUD|Win32.Build.0 = Release|Win32
		{945517CC-D19D-4232-88B0-E32156ED0336}.ReleaseUD|x64.ActiveCfg = Release|Win32
		{945517CC-D19D-4232-88B0-E32156ED0336}.ReleaseUD|x64.Build.0 = Release|Win32
		{945517CC-D19D-4232-88B0-E32156ED0336}.ReleaseUS|Any CPU.ActiveCfg = Release|Win32
		{945517CC-D19D-4232-88B0-E32156ED0336}.ReleaseUS|Any CPU.Build.0 = Release|Win32
		{945517CC-D19D-4232-88B0-E32156ED0336}.ReleaseUS|Win32.ActiveCfg = Release|Win32
		{945517CC-D19D-4232-88B0-E32156ED0336}.ReleaseUS|Win32.Build.0 = Release|Win32
		{945517CC-D19D-4232-88B0-E32156ED0336}.ReleaseUS|x64.ActiveCfg = Release|Win32
		{945517CC-D19D-4232-88B0-E32156ED0336}.ReleaseUS|x64.Build.0 = Release|Win32
		{FBA856A2-A371-492C-97D8-60133EF2E782}.Debug|Any CPU.ActiveCfg = Debug|Win32
		{FBA856A2-A371-492C-97D8-60133EF2E782}.Debug|Win32.ActiveCfg = Debug|Win32
		{FBA856A2-A371-492C-97D8-60133EF2E782}.Debug|Win32.Build.0 = Debug|Win32
		{FBA856A2-A371-492C-97D8-60133EF2E782}.Debug|Win32.Deploy.0 = Debug|Win32
		{FBA856A2-A371-492C-97D8-60133EF2E782}.Debug|x64.ActiveCfg = Debug|Win32
		{FBA856A2-A371-492C-97D8-60133EF2E782}.DebugAD|Any CPU.ActiveCfg = Release|Win32
		{FBA856A2-A371-492C-97D8-60133EF2E782}.DebugAD|Any CPU.Build.0 = Release|Win32
		{FBA856A2-A371-492C-97D8-60133EF2E782}.DebugAD|Win32.ActiveCfg = Debug|Win32
		{FBA856A2-A371-492C-97D8-60133EF2E782}.DebugAD|Win32.Build.0 = Debug|Win32
		{FBA856A2-A371-492C-97D8-60133EF2E782}.DebugAD|x64.ActiveCfg = Release|Win32
		{FBA856A2-A371-492C-97D8-60133EF2E782}.DebugAD|x64.Build.0 = Release|Win32
		{FBA856A2-A371-492C-97D8-60133EF2E782}.DebugAS|Any CPU.ActiveCfg = Release|Win32
		{FBA856A2-A371-492C-97D8-60133EF2E782}.DebugAS|Any CPU.Build.0 = Release|Win32
		{FBA856A2-A371-492C-97D8-60133EF2E782}.DebugAS|Win32.ActiveCfg = Debug|Win32
		{FBA856A2-A371-492C-97D8-60133EF2E782}.DebugAS|Win32.Build.0 = Debug|Win32
		{FBA856A2-A371-492C-97D8-60133EF2E782}.DebugAS|x64.ActiveCfg = Release|Win32
		{FBA856A2-A371-492C-97D8-60133EF2E782}.DebugAS|x64.Build.0 = Release|Win32
		{FBA856A2-A371-492C-97D8-60133EF2E782}.DebugUD|Any CPU.ActiveCfg = Release|Win32
		{FBA856A2-A371-492C-97D8-60133EF2E782}.DebugUD|Any CPU.Build.0 = Release|Win32
		{FBA856A2-A371-492C-97D8-60133EF2E782}.DebugUD|Win32.ActiveCfg = Debug|Win32
		{FBA856A2-A371-492C-97D8-60133EF2E782}.DebugUD|Win32.Build.0 = Debug|Win32
		{FBA856A2-A371-492C-97D8-60133EF2E782}.DebugUD|x64.ActiveCfg = Release|Win32
		{FBA856A2-A371-492C-97D8-60133EF2E782}.DebugUD|x64.Build.0 = Release|Win32
		{FBA856A2-A371-492C-97D8-60133EF2E782}.DebugUS|Any CPU.ActiveCfg = Release|Win32
		{FBA856A2-A371-492C-97D8-60133EF2E782}.DebugUS|Any CPU.Build.0 = Release|Win32
		{FBA856A2-A371-492C-97D8-60133EF2E782}.DebugUS|Win32.ActiveCfg = Debug|Win32
		{FBA856A2-A371-492C-97D8-60133EF2E782}.DebugUS|Win32.Build.0 = Debug|Win32
		{FBA856A2-A371-492C-97D8-60133EF2E782}.DebugUS|x64.ActiveCfg = Release|Win32
		{FBA856A2-A371-492C-97D8-60133EF2E782}.DebugUS|x64.Build.0 = Release|Win32
		{FBA856A2-A371-492C-97D8-60133EF2E782}.RelDev|Any CPU.ActiveCfg = RelDev|Win32
		{FBA856A2-A371-492C-97D8-60133EF2E782}.RelDev|Win32.ActiveCfg = RelDev|Win32
		{FBA856A2-A371-492C-97D8-60133EF2E782}.RelDev|Win32.Build.0 = RelDev|Win32
		{FBA856A2-A371-492C-97D8-60133EF2E782}.RelDev|x64.ActiveCfg = RelDev|Win32
		{FBA856A2-A371-492C-97D8-60133EF2E782}.Release|Any CPU.ActiveCfg = Release|Win32
		{FBA856A2-A371-492C-97D8-60133EF2E782}.Release|Win32.ActiveCfg = Release|Win32
		{FBA856A2-A371-492C-97D8-60133EF2E782}.Release|Win32.Build.0 = Release|Win32
		{FBA856A2-A371-492C-97D8-60133EF2E782}.Release|x64.ActiveCfg = Release|Win32
		{FBA856A2-A371-492C-97D8-60133EF2E782}.ReleaseAD|Any CPU.ActiveCfg = Release|Win32
		{FBA856A2-A371-492C-97D8-60133EF2E782}.ReleaseAD|Any CPU.Build.0 = Release|Win32
		{FBA856A2-A371-492C-97D8-60133EF2E782}.ReleaseAD|Win32.ActiveCfg = Release|Win32
		{FBA856A2-A371-492C-97D8-60133EF2E782}.ReleaseAD|Win32.Build.0 = Release|Win32
		{FBA856A2-A371-492C-97D8-60133EF2E782}.ReleaseAD|x64.ActiveCfg = Release|Win32
		{FBA856A2-A371-492C-97D8-60133EF2E782}.ReleaseAD|x64.Build.0 = Release|Win32
		{FBA856A2-A371-492C-97D8-60133EF2E782}.ReleaseAS|Any CPU.ActiveCfg = Release|Win32
		{FBA856A2-A371-492C-97D8-60133EF2E782}.ReleaseAS|Any CPU.Build.0 = Release|Win32
		{FBA856A2-A371-492C-97D8-60133EF2E782}.ReleaseAS|Win32.ActiveCfg = Release|Win32
		{FBA856A2-A371-492C-97D8-60133EF2E782}.ReleaseAS|Win32.Build.0 = Release|Win32
		{FBA856A2-A371-492C-97D8-60133EF2E782}.ReleaseAS|x64.ActiveCfg = Release|Win32
		{FBA856A2-A371-492C-97D8-60133EF2E782}.ReleaseAS|x64.Build.0 = Release|Win32
		{FBA856A2-A371-492C-97D8-60133EF2E782}.ReleaseUD|Any CPU.ActiveCfg = Release|Win32
		{FBA856A2-A371-492C-97D8-60133EF2E782}.ReleaseUD|Any CPU.Build.0 = Release|Win32
		{FBA856A2-A371-492C-97D8-60133EF2E782}.ReleaseUD|Win32.ActiveCfg = Release|Win32
		{FBA856A2-A371-492C-97D8-60133EF2E782}.ReleaseUD|Win32.Build.0 = Release|Win32
		{FBA856A2-A371-492C-97D8-60133EF2E782}.ReleaseUD|x64.ActiveCfg = Release|Win32
		{FBA856A2-A371-492C-97D8-60133EF2E782}.ReleaseUD|x64.Build.0 = Release|Win32
		{FBA856A2-A371-492C-97D8-60133EF2E782}.ReleaseUS|Any CPU.ActiveCfg = Release|Win32
		{FBA856A2-A371-492C-97D8-60133EF2E782}.ReleaseUS|Any CPU.Build.0 = Release|Win32
		{FBA856A2-A371-492C-97D8-60133EF2E782}.ReleaseUS|Win32.ActiveCfg = Release|Win32
		{FBA856A2-A371-492C-97D8-60133EF2E782}.ReleaseUS|Win32.Build.0 = Release|Win32
		{FBA856A2-A371-492C-97D8-60133EF2E782}.ReleaseUS|x64.ActiveCfg = Release|Win32
		{FBA856A2-A371-492C-97D8-60133EF2E782}.ReleaseUS|x64.Build.0 = Release|Win32
		{4D037CF2-6076-483C-A28A-96A958158213}.Debug|Any CPU.ActiveCfg = Debug|Win32
		{4D037CF2-6076-483C-A28A-96A958158213}.Debug|Win32.ActiveCfg = Debug|Win32
		{4D037CF2-6076-483C-A28A-96A958158213}.Debug|Win32.Build.0 = Debug|Win32
		{4D037CF2-6076-483C-A28A-96A958158213}.Debug|x64.ActiveCfg = Debug|Win32
		{4D037CF2-6076-483C-A28A-96A958158213}.DebugAD|Any CPU.ActiveCfg = Release|Win32
		{4D037CF2-6076-483C-A28A-96A958158213}.DebugAD|Any CPU.Build.0 = Release|Win32
		{4D037CF2-6076-483C-A28A-96A958158213}.DebugAD|Win32.ActiveCfg = Debug|Win32
		{4D037CF2-6076-483C-A28A-96A958158213}.DebugAD|Win32.Build.0 = Debug|Win32
		{4D037CF2-6076-483C-A28A-96A958158213}.DebugAD|x64.ActiveCfg = Release|Win32
		{4D037CF2-6076-483C-A28A-96A958158213}.DebugAD|x64.Build.0 = Release|Win32
		{4D037CF2-6076-483C-A28A-96A958158213}.DebugAS|Any CPU.ActiveCfg = Release|Win32
		{4D037CF2-6076-483C-A28A-96A958158213}.DebugAS|Any CPU.Build.0 = Release|Win32
		{4D037CF2-6076-483C-A28A-96A958158213}.DebugAS|Win32.ActiveCfg = Debug|Win32
		{4D037CF2-6076-483C-A28A-96A958158213}.DebugAS|Win32.Build.0 = Debug|Win32
		{4D037CF2-6076-483C-A28A-96A958158213}.DebugAS|x64.ActiveCfg = Release|Win32
		{4D037CF2-6076-483C-A28A-96A958158213}.DebugAS|x64.Build.0 = Release|Win32
		{4D037CF2-6076-483C-A28A-96A958158213}.DebugUD|Any CPU.ActiveCfg = Release|Win32
		{4D037CF2-6076-483C-A28A-96A958158213}.DebugUD|Any CPU.Build.0 = Release|Win32
		{4D037CF2-6076-483C-A28A-96A958158213}.DebugUD|Win32.ActiveCfg = Debug|Win32
		{4D037CF2-6076-483C-A28A-96A958158213}.DebugUD|Win32.Build.0 = Debug|Win32
		{4D037CF2-6076-483C-A28A-96A958158213}.DebugUD|x64.ActiveCfg = Release|Win32
		{4D037CF2-6076-483C-A28A-96A958158213}.DebugUD|x64.Build.0 = Release|Win32
		{4D037CF2-6076-483C-A28A-96A958158213}.DebugUS|Any CPU.ActiveCfg = Release|Win32
		{4D037CF2-6076-483C-A28A-96A958158213}.DebugUS|Any CPU.Build.0 = Release|Win32
		{4D037CF2-6076-483C-A28A-96A958158213}.DebugUS|Win32.ActiveCfg = Debug|Win32
		{4D037CF2-6076-483C-A28A-96A958158213}.DebugUS|Win32.Build.0 = Debug|Win32
		{4D037CF2-6076-483C-A28A-96A958158213}.DebugUS|x64.ActiveCfg = Release|Win32
		{4D037CF2-6076-483C-A28A-96A958158213}.DebugUS|x64.Build.0 = Release|Win32
		{4D037CF2-6076-483C-A28A-96A958158213}.RelDev|Any CPU.ActiveCfg = RelDev|Win32
		{4D037CF2-6076-483C-A28A-96A958158213}.RelDev|Win32.ActiveCfg = RelDev|Win32
		{4D037CF2-6076-483C-A28A-96A958158213}.RelDev|Win32.Build.0 = RelDev|Win32
		{4D037CF2-6076-483C-A28A-96A958158213}.RelDev|x64.ActiveCfg = RelDev|Win32
		{4D037CF2-6076-483C-A28A-96A958158213}.Release|Any CPU.ActiveCfg = Release|Win32
		{4D037CF2-6076-483C-A28A-96A958158213}.Release|Win32.ActiveCfg = Release|Win32
		{4D037CF2-6076-483C-A28A-96A958158213}.Release|Win32.Build.0 = Release|Win32
		{4D037CF2-6076-483C-A28A-96A958158213}.Release|x64.ActiveCfg = Release|Win32
		{4D037CF2-6076-483C-A28A-96A958158213}.ReleaseAD|Any CPU.ActiveCfg = Release|Win32
		{4D037CF2-6076-483C-A28A-96A958158213}.ReleaseAD|Any CPU.Build.0 = Release|Win32
		{4D037CF2-6076-483C-A28A-96A958158213}.ReleaseAD|Win32.ActiveCfg = Release|Win32
		{4D037CF2-6076-483C-A28A-96A958158213}.ReleaseAD|Win32.Build.0 = Release|Win32
		{4D037CF2-6076-483C-A28A-96A958158213}.ReleaseAD|x64.ActiveCfg = Release|Win32
		{4D037CF2-6076-483C-A28A-96A958158213}.ReleaseAD|x64.Build.0 = Release|Win32
		{4D037CF2-6076-483C-A28A-96A958158213}.ReleaseAS|Any CPU.ActiveCfg = Release|Win32
		{4D037CF2-6076-483C-A28A-96A958158213}.ReleaseAS|Any CPU.Build.0 = Release|Win32
		{4D037CF2-6076-483C-A28A-96A958158213}.ReleaseAS|Win32.ActiveCfg = Release|Win32
		{4D037CF2-6076-483C-A28A-96A958158213}.ReleaseAS|Win32.Build.0 = Release|Win32
		{4D037CF2-6076-483C-A28A-96A958158213}.ReleaseAS|x64.ActiveCfg = Release|Win32
		{4D037CF2-6076-483C-A28A-96A958158213}.ReleaseAS|x64.Build.0 = Release|Win32
		{4D037CF2-6076-483C-A28A-96A958158213}.ReleaseUD|Any CPU.ActiveCfg = Release|Win32
		{4D037CF2-6076-483C-A28A-96A958158213}.ReleaseUD|Any CPU.Build.0 = Release|Win32
		{4D037CF2-6076-483C-A28A-96A958158213}.ReleaseUD|Win32.ActiveCfg = Release|Win32
		{4D037CF2-6076-483C-A28A-96A958158213}.ReleaseUD|Win32.Build.0 = Release|Win32
		{4D037CF2-6076-483C-A28A-96A958158213}.ReleaseUD|x64.ActiveCfg = Release|Win32
		{4D037CF2-6076-483C-A28A-96A958158213}.ReleaseUD|x64.Build.0 = Release|Win32
		{4D037CF2-6076-483C-A28A-96A958158213}.ReleaseUS|Any CPU.ActiveCfg = Release|Win32
		{4D037CF2-6076-483C-A28A-96A958158213}.ReleaseUS|Any CPU.Build.0 = Release|Win32
		{4D037CF2-6076-483C-A28A-96A958158213}.ReleaseUS|Win32.ActiveCfg = Release|Win32
		{4D037CF2-6076-483C-A28A-96A958158213}.ReleaseUS|Win32.Build.0 = Release|Win32
		{4D037CF2-6076-483C-A28A-96A958158213}.ReleaseUS|x64.ActiveCfg = Release|Win32
		{4D037CF2-6076-483C-A28A-96A958158213}.ReleaseUS|x64.Build.0 = Release|Win32
		{A8E79958-0EAE-46DC-8161-143F33F1DB40}.Debug|Any CPU.ActiveCfg = Debug|Win32
		{A8E79958-0EAE-46DC-8161-143F33F1DB40}.Debug|Win32.ActiveCfg = Debug|Win32
		{A8E79958-0EAE-46DC-8161-143F33F1DB40}.Debug|Win32.Build.0 = Debug|Win32
		{A8E79958-0EAE-46DC-8161-143F33F1DB40}.Debug|x64.ActiveCfg = Debug|Win32
		{A8E79958-0EAE-46DC-8161-143F33F1DB40}.DebugAD|Any CPU.ActiveCfg = Release|Win32
		{A8E79958-0EAE-46DC-8161-143F33F1DB40}.DebugAD|Any CPU.Build.0 = Release|Win32
		{A8E79958-0EAE-46DC-8161-143F33F1DB40}.DebugAD|Win32.ActiveCfg = Debug|Win32
		{A8E79958-0EAE-46DC-8161-143F33F1DB40}.DebugAD|Win32.Build.0 = Debug|Win32
		{A8E79958-0EAE-46DC-8161-143F33F1DB40}.DebugAD|x64.ActiveCfg = Release|Win32
		{A8E79958-0EAE-46DC-8161-143F33F1DB40}.DebugAD|x64.Build.0 = Release|Win32
		{A8E79958-0EAE-46DC-8161-143F33F1DB40}.DebugAS|Any CPU.ActiveCfg = Release|Win32
		{A8E79958-0EAE-46DC-8161-143F33F1DB40}.DebugAS|Any CPU.Build.0 = Release|Win32
		{A8E79958-0EAE-46DC-8161-143F33F1DB40}.DebugAS|Win32.ActiveCfg = Debug|Win32
		{A8E79958-0EAE-46DC-8161-143F33F1DB40}.DebugAS|Win32.Build.0 = Debug|Win32
		{A8E79958-0EAE-46DC-8161-143F33F1DB40}.DebugAS|x64.ActiveCfg = Release|Win32
		{A8E79958-0EAE-46DC-8161-143F33F1DB40}.DebugAS|x64.Build.0 = Release|Win32
		{A8E79958-0EAE-46DC-8161-143F33F1DB40}.DebugUD|Any CPU.ActiveCfg = Release|Win32
		{A8E79958-0EAE-46DC-8161-143F33F1DB40}.DebugUD|Any CPU.Build.0 = Release|Win32
		{A8E79958-0EAE-46DC-8161-143F33F1DB40}.DebugUD|Win32.ActiveCfg = Debug|Win32
		{A8E79958-0EAE-46DC-8161-143F33F1DB40}.DebugUD|Win32.Build.0 = Debug|Win32
		{A8E79958-0EAE-46DC-8161-143F33F1DB40}.DebugUD|x64.ActiveCfg = Release|Win32
		{A8E79958-0EAE-46DC-8161-143F33F1DB40}.DebugUD|x64.Build.0 = Release|Win32
		{A8E79958-0EAE-46DC-8161-143F33F1DB40}.DebugUS|Any CPU.ActiveCfg = Release|Win32
		{A8E79958-0EAE-46DC-8161-143F33F1DB40}.DebugUS|Any CPU.Build.0 = Release|Win32
		{A8E79958-0EAE-46DC-8161-143F33F1DB40}.DebugUS|Win32.ActiveCfg = Debug|Win32
		{A8E79958-0EAE-46DC-8161-143F33F1DB40}.DebugUS|Win32.Build.0 = Debug|Win32
		{A8E79958-0EAE-46DC-8161-143F33F1DB40}.DebugUS|x64.ActiveCfg = Release|Win32
		{A8E79958-0EAE-46DC-8161-143F33F1DB40}.DebugUS|x64.Build.0 = Release|Win32
		{A8E79958-0EAE-46DC-8161-143F33F1DB40}.RelDev|Any CPU.ActiveCfg = RelDev|Win32
		{A8E79958-0EAE-46DC-8161-143F33F1DB40}.RelDev|Win32.ActiveCfg = RelDev|Win32
		{A8E79958-0EAE-46DC-8161-143F33F1DB40}.RelDev|Win32.Build.0 = RelDev|Win32
		{A8E79958-0EAE-46DC-8161-143F33F1DB40}.RelDev|x64.ActiveCfg = RelDev|Win32
		{A8E79958-0EAE-46DC-8161-143F33F1DB40}.Release|Any CPU.ActiveCfg = Release|Win32
		{A8E79958-0EAE-46DC-8161-143F33F1DB40}.Release|Win32.ActiveCfg = Release|Win32
		{A8E79958-0EAE-46DC-8161-143F33F1DB40}.Release|Win32.Build.0 = Release|Win32
		{A8E79958-0EAE-46DC-8161-143F33F1DB40}.Release|x64.ActiveCfg = Release|Win32
		{A8E79958-0EAE-46DC-8161-143F33F1DB40}.ReleaseAD|Any CPU.ActiveCfg = Release|Win32
		{A8E79958-0EAE-46DC-8161-143F33F1DB40}.ReleaseAD|Any CPU.Build.0 = Release|Win32
		{A8E79958-0EAE-46DC-8161-143F33F1DB40}.ReleaseAD|Win32.ActiveCfg = Release|Win32
		{A8E79958-0EAE-46DC-8161-143F33F1DB40}.ReleaseAD|Win32.Build.0 = Release|Win32
		{A8E79958-0EAE-46DC-8161-143F33F1DB40}.ReleaseAD|x64.ActiveCfg = Release|Win32
		{A8E79958-0EAE-46DC-8161-143F33F1DB40}.ReleaseAD|x64.Build.0 = Release|Win32
		{A8E79958-0EAE-46DC-8161-143F33F1DB40}.ReleaseAS|Any CPU.ActiveCfg = Release|Win32
		{A8E79958-0EAE-46DC-8161-143F33F1DB40}.ReleaseAS|Any CPU.Build.0 = Release|Win32
		{A8E79958-0EAE-46DC-8161-143F33F1DB40}.ReleaseAS|Win32.ActiveCfg = Release|Win32
		{A8E79958-0EAE-46DC-8161-143F33F1DB40}.ReleaseAS|Win32.Build.0 = Release|Win32
		{A8E79958-0EAE-46DC-8161-143F33F1DB40}.ReleaseAS|x64.ActiveCfg = Release|Win32
		{A8E79958-0EAE-46DC-8161-143F33F1DB40}.ReleaseAS|x64.Build.0 = Release|Win32
		{A8E79958-0EAE-46DC-8161-143F33F1DB40}.ReleaseUD|Any CPU.ActiveCfg = Release|Win32
		{A8E79958-0EAE-46DC-8161-143F33F1DB40}.ReleaseUD|Any CPU.Build.0 = Release|Win32
		{A8E79958-0EAE-46DC-8161-143F33F1DB40}.ReleaseUD|Win32.ActiveCfg = Release|Win32
		{A8E79958-0EAE-46DC-8161-143F33F1DB40}.ReleaseUD|Win32.Build.0 = Release|Win32
		{A8E79958-0EAE-46DC-8161-143F33F1DB40}.ReleaseUD|x64.ActiveCfg = Release|Win32
		{A8E79958-0EAE-46DC-8161-143F33F1DB40}.ReleaseUD|x64.Build.0 = Release|Win32
		{A8E79958-0EAE-46DC-8161-143F33F1DB40}.ReleaseUS|Any CPU.ActiveCfg = Release|Win32
		{A8E79958-0EAE-46DC-8161-143F33F1DB40}.ReleaseUS|Any CPU.Build.0 = Release|Win32
		{A8E79958-0EAE-46DC-8161-143F33F1DB40}.ReleaseUS|Win32.ActiveCfg = Release|Win32
		{A8E79958-0EAE-46DC-8161-143F33F1DB40}.ReleaseUS|Win32.Build.0 = Release|Win32
		{A8E79958-0EAE-46DC-8161-143F33F1DB40}.ReleaseUS|x64.ActiveCfg = Release|Win32
		{A8E79958-0EAE-46DC-8161-143F33F1DB40}.ReleaseUS|x64.Build.0 = Release|Win32
		{EEE21940-A07D-4D1F-84EA-66079CEAE25F}.Debug|Any CPU.ActiveCfg = Debug|Win32
		{EEE21940-A07D-4D1F-84EA-66079CEAE25F}.Debug|Win32.ActiveCfg = Debug|Win32
		{EEE21940-A07D-4D1F-84EA-66079CEAE25F}.Debug|Win32.Build.0 = Debug|Win32
		{EEE21940-A07D-4D1F-84EA-66079CEAE25F}.Debug|x64.ActiveCfg = Debug|x64
		{EEE21940-A07D-4D1F-84EA-66079CEAE25F}.Debug|x64.Build.0 = Debug|x64
		{EEE21940-A07D-4D1F-84EA-66079CEAE25F}.DebugAD|Any CPU.ActiveCfg = Release|x64
		{EEE21940-A07D-4D1F-84EA-66079CEAE25F}.DebugAD|Any CPU.Build.0 = Release|x64
		{EEE21940-A07D-4D1F-84EA-66079CEAE25F}.DebugAD|Win32.ActiveCfg = Debug|Win32
		{EEE21940-A07D-4D1F-84EA-66079CEAE25F}.DebugAD|Win32.Build.0 = Debug|Win32
		{EEE21940-A07D-4D1F-84EA-66079CEAE25F}.DebugAD|x64.ActiveCfg = Debug|x64
		{EEE21940-A07D-4D1F-84EA-66079CEAE25F}.DebugAD|x64.Build.0 = Debug|x64
		{EEE21940-A07D-4D1F-84EA-66079CEAE25F}.DebugAS|Any CPU.ActiveCfg = Release|x64
		{EEE21940-A07D-4D1F-84EA-66079CEAE25F}.DebugAS|Any CPU.Build.0 = Release|x64
		{EEE21940-A07D-4D1F-84EA-66079CEAE25F}.DebugAS|Win32.ActiveCfg = Debug|Win32
		{EEE21940-A07D-4D1F-84EA-66079CEAE25F}.DebugAS|Win32.Build.0 = Debug|Win32
		{EEE21940-A07D-4D1F-84EA-66079CEAE25F}.DebugAS|x64.ActiveCfg = Debug|x64
		{EEE21940-A07D-4D1F-84EA-66079CEAE25F}.DebugAS|x64.Build.0 = Debug|x64
		{EEE21940-A07D-4D1F-84EA-66079CEAE25F}.DebugUD|Any CPU.ActiveCfg = Release|x64
		{EEE21940-A07D-4D1F-84EA-66079CEAE25F}.DebugUD|Any CPU.Build.0 = Release|x64
		{EEE21940-A07D-4D1F-84EA-66079CEAE25F}.DebugUD|Win32.ActiveCfg = Debug|Win32
		{EEE21940-A07D-4D1F-84EA-66079CEAE25F}.DebugUD|Win32.Build.0 = Debug|Win32
		{EEE21940-A07D-4D1F-84EA-66079CEAE25F}.DebugUD|x64.ActiveCfg = Debug|x64
		{EEE21940-A07D-4D1F-84EA-66079CEAE25F}.DebugUD|x64.Build.0 = Debug|x64
		{EEE21940-A07D-4D1F-84EA-66079CEAE25F}.DebugUS|Any CPU.ActiveCfg = Release|x64
		{EEE21940-A07D-4D1F-84EA-66079CEAE25F}.DebugUS|Any CPU.Build.0 = Release|x64
		{EEE21940-A07D-4D1F-84EA-66079CEAE25F}.DebugUS|Win32.ActiveCfg = Debug|Win32
		{EEE21940-A07D-4D1F-84EA-66079CEAE25F}.DebugUS|Win32.Build.0 = Debug|Win32
		{EEE21940-A07D-4D1F-84EA-66079CEAE25F}.DebugUS|x64.ActiveCfg = Debug|x64
		{EEE21940-A07D-4D1F-84EA-66079CEAE25F}.DebugUS|x64.Build.0 = Debug|x64
		{EEE21940-A07D-4D1F-84EA-66079CEAE25F}.RelDev|Any CPU.ActiveCfg = RelDev|Win32
		{EEE21940-A07D-4D1F-84EA-66079CEAE25F}.RelDev|Win32.ActiveCfg = RelDev|Win32
		{EEE21940-A07D-4D1F-84EA-66079CEAE25F}.RelDev|Win32.Build.0 = RelDev|Win32
		{EEE21940-A07D-4D1F-84EA-66079CEAE25F}.RelDev|x64.ActiveCfg = RelDev|x64
		{EEE21940-A07D-4D1F-84EA-66079CEAE25F}.RelDev|x64.Build.0 = RelDev|x64
		{EEE21940-A07D-4D1F-84EA-66079CEAE25F}.Release|Any CPU.ActiveCfg = Release|Win32
		{EEE21940-A07D-4D1F-84EA-66079CEAE25F}.Release|Win32.ActiveCfg = Release|Win32
		{EEE21940-A07D-4D1F-84EA-66079CEAE25F}.Release|Win32.Build.0 = Release|Win32
		{EEE21940-A07D-4D1F-84EA-66079CEAE25F}.Release|x64.ActiveCfg = Release|x64
		{EEE21940-A07D-4D1F-84EA-66079CEAE25F}.Release|x64.Build.0 = Release|x64
		{EEE21940-A07D-4D1F-84EA-66079CEAE25F}.ReleaseAD|Any CPU.ActiveCfg = Release|x64
		{EEE21940-A07D-4D1F-84EA-66079CEAE25F}.ReleaseAD|Any CPU.Build.0 = Release|x64
		{EEE21940-A07D-4D1F-84EA-66079CEAE25F}.ReleaseAD|Win32.ActiveCfg = Release|Win32
		{EEE21940-A07D-4D1F-84EA-66079CEAE25F}.ReleaseAD|Win32.Build.0 = Release|Win32
		{EEE21940-A07D-4D1F-84EA-66079CEAE25F}.ReleaseAD|x64.ActiveCfg = Release|x64
		{EEE21940-A07D-4D1F-84EA-66079CEAE25F}.ReleaseAD|x64.Build.0 = Release|x64
		{EEE21940-A07D-4D1F-84EA-66079CEAE25F}.ReleaseAS|Any CPU.ActiveCfg = Release|x64
		{EEE21940-A07D-4D1F-84EA-66079CEAE25F}.ReleaseAS|Any CPU.Build.0 = Release|x64
		{EEE21940-A07D-4D1F-84EA-66079CEAE25F}.ReleaseAS|Win32.ActiveCfg = Release|Win32
		{EEE21940-A07D-4D1F-84EA-66079CEAE25F}.ReleaseAS|Win32.Build.0 = Release|Win32
		{EEE21940-A07D-4D1F-84EA-66079CEAE25F}.ReleaseAS|x64.ActiveCfg = Release|x64
		{EEE21940-A07D-4D1F-84EA-66079CEAE25F}.ReleaseAS|x64.Build.0 = Release|x64
		{EEE21940-A07D-4D1F-84EA-66079CEAE25F}.ReleaseUD|Any CPU.ActiveCfg = Release|x64
		{EEE21940-A07D-4D1F-84EA-66079CEAE25F}.ReleaseUD|Any CPU.Build.0 = Release|x64
		{EEE21940-A07D-4D1F-84EA-66079CEAE25F}.ReleaseUD|Win32.ActiveCfg = Release|Win32
		{EEE21940-A07D-4D1F-84EA-66079CEAE25F}.ReleaseUD|Win32.Build.0 = Release|Win32
		{EEE21940-A07D-4D1F-84EA-66079CEAE25F}.ReleaseUD|x64.ActiveCfg = Release|x64
		{EEE21940-A07D-4D1F-84EA-66079CEAE25F}.ReleaseUD|x64.Build.0 = Release|x64
		{EEE21940-A07D-4D1F-84EA-66079CEAE25F}.ReleaseUS|Any CPU.ActiveCfg = Release|x64
		{EEE21940-A07D-4D1F-84EA-66079CEAE25F}.ReleaseUS|Any CPU.Build.0 = Release|x64
		{EEE21940-A07D-4D1F-84EA-66079CEAE25F}.ReleaseUS|Win32.ActiveCfg = Release|Win32
		{EEE21940-A07D-4D1F-84EA-66079CEAE25F}.ReleaseUS|Win32.Build.0 = Release|Win32
		{EEE21940-A07D-4D1F-84EA-66079CEAE25F}.ReleaseUS|x64.ActiveCfg = Release|x64
		{EEE21940-A07D-4D1F-84EA-66079CEAE25F}.ReleaseUS|x64.Build.0 = Release|x64
		{D90AFB37-0218-4F93-9945-2E49DBADB8D9}.Debug|Any CPU.ActiveCfg = Debug|Win32
		{D90AFB37-0218-4F93-9945-2E49DBADB8D9}.Debug|Win32.ActiveCfg = Debug|Win32
		{D90AFB37-0218-4F93-9945-2E49DBADB8D9}.Debug|Win32.Build.0 = Debug|Win32
		{D90AFB37-0218-4F93-9945-2E49DBADB8D9}.Debug|x64.ActiveCfg = Debug|x64
		{D90AFB37-0218-4F93-9945-2E49DBADB8D9}.Debug|x64.Build.0 = Debug|x64
		{D90AFB37-0218-4F93-9945-2E49DBADB8D9}.DebugAD|Any CPU.ActiveCfg = Release|x64
		{D90AFB37-0218-4F93-9945-2E49DBADB8D9}.DebugAD|Any CPU.Build.0 = Release|x64
		{D90AFB37-0218-4F93-9945-2E49DBADB8D9}.DebugAD|Win32.ActiveCfg = Debug|Win32
		{D90AFB37-0218-4F93-9945-2E49DBADB8D9}.DebugAD|Win32.Build.0 = Debug|Win32
		{D90AFB37-0218-4F93-9945-2E49DBADB8D9}.DebugAD|x64.ActiveCfg = Debug|x64
		{D90AFB37-0218-4F93-9945-2E49DBADB8D9}.DebugAD|x64.Build.0 = Debug|x64
		{D90AFB37-0218-4F93-9945-2E49DBADB8D9}.DebugAS|Any CPU.ActiveCfg = Release|x64
		{D90AFB37-0218-4F93-9945-2E49DBADB8D9}.DebugAS|Any CPU.Build.0 = Release|x64
		{D90AFB37-0218-4F93-9945-2E49DBADB8D9}.DebugAS|Win32.ActiveCfg = Debug|Win32
		{D90AFB37-0218-4F93-9945-2E49DBADB8D9}.DebugAS|Win32.Build.0 = Debug|Win32
		{D90AFB37-0218-4F93-9945-2E49DBADB8D9}.DebugAS|x64.ActiveCfg = Debug|x64
		{D90AFB37-0218-4F93-9945-2E49DBADB8D9}.DebugAS|x64.Build.0 = Debug|x64
		{D90AFB37-0218-4F93-9945-2E49DBADB8D9}.DebugUD|Any CPU.ActiveCfg = Release|x64
		{D90AFB37-0218-4F93-9945-2E49DBADB8D9}.DebugUD|Any CPU.Build.0 = Release|x64
		{D90AFB37-0218-4F93-9945-2E49DBADB8D9}.DebugUD|Win32.ActiveCfg = Debug|Win32
		{D90AFB37-0218-4F93-9945-2E49DBADB8D9}.DebugUD|Win32.Build.0 = Debug|Win32
		{D90AFB37-0218-4F93-9945-2E49DBADB8D9}.DebugUD|x64.ActiveCfg = Debug|x64
		{D90AFB37-0218-4F93-9945-2E49DBADB8D9}.DebugUD|x64.Build.0 = Debug|x64
		{D90AFB37-0218-4F93-9945-2E49DBADB8D9}.DebugUS|Any CPU.ActiveCfg = Release|x64
		{D90AFB37-0218-4F93-9945-2E49DBADB8D9}.DebugUS|Any CPU.Build.0 = Release|x64
		{D90AFB37-0218-4F93-9945-2E49DBADB8D9}.DebugUS|Win32.ActiveCfg = Debug|Win32
		{D90AFB37-0218-4F93-9945-2E49DBADB8D9}.DebugUS|Win32.Build.0 = Debug|Win32
		{D90AFB37-0218-4F93-9945-2E49DBADB8D9}.DebugUS|x64.ActiveCfg = Debug|x64
		{D90AFB37-0218-4F93-9945-2E49DBADB8D9}.DebugUS|x64.Build.0 = Debug|x64
		{D90AFB37-0218-4F93-9945-2E49DBADB8D9}.RelDev|Any CPU.ActiveCfg = RelDev|Win32
		{D90AFB37-0218-4F93-9945-2E49DBADB8D9}.RelDev|Win32.ActiveCfg = RelDev|Win32
		{D90AFB37-0218-4F93-9945-2E49DBADB8D9}.RelDev|Win32.Build.0 = RelDev|Win32
		{D90AFB37-0218-4F93-9945-2E49DBADB8D9}.RelDev|x64.ActiveCfg = RelDev|x64
		{D90AFB37-0218-4F93-9945-2E49DBADB8D9}.RelDev|x64.Build.0 = RelDev|x64
		{D90AFB37-0218-4F93-9945-2E49DBADB8D9}.Release|Any CPU.ActiveCfg = Release|Win32
		{D90AFB37-0218-4F93-9945-2E49DBADB8D9}.Release|Win32.ActiveCfg = Release|Win32
		{D90AFB37-0218-4F93-9945-2E49DBADB8D9}.Release|Win32.Build.0 = Release|Win32
		{D90AFB37-0218-4F93-9945-2E49DBADB8D9}.Release|x64.ActiveCfg = Release|x64
		{D90AFB37-0218-4F93-9945-2E49DBADB8D9}.Release|x64.Build.0 = Release|x64
		{D90AFB37-0218-4F93-9945-2E49DBADB8D9}.ReleaseAD|Any CPU.ActiveCfg = Release|x64
		{D90AFB37-0218-4F93-9945-2E49DBADB8D9}.ReleaseAD|Any CPU.Build.0 = Release|x64
		{D90AFB37-0218-4F93-9945-2E49DBADB8D9}.ReleaseAD|Win32.ActiveCfg = Release|Win32
		{D90AFB37-0218-4F93-9945-2E49DBADB8D9}.ReleaseAD|Win32.Build.0 = Release|Win32
		{D90AFB37-0218-4F93-9945-2E49DBADB8D9}.ReleaseAD|x64.ActiveCfg = Release|x64
		{D90AFB37-0218-4F93-9945-2E49DBADB8D9}.ReleaseAD|x64.Build.0 = Release|x64
		{D90AFB37-0218-4F93-9945-2E49DBADB8D9}.ReleaseAS|Any CPU.ActiveCfg = Release|x64
		{D90AFB37-0218-4F93-9945-2E49DBADB8D9}.ReleaseAS|Any CPU.Build.0 = Release|x64
		{D90AFB37-0218-4F93-9945-2E49DBADB8D9}.ReleaseAS|Win32.ActiveCfg = Release|Win32
		{D90AFB37-0218-4F93-9945-2E49DBADB8D9}.ReleaseAS|Win32.Build.0 = Release|Win32
		{D90AFB37-0218-4F93-9945-2E49DBADB8D9}.ReleaseAS|x64.ActiveCfg = Release|x64
		{D90AFB37-0218-4F93-9945-2E49DBADB8D9}.ReleaseAS|x64.Build.0 = Release|x64
		{D90AFB37-0218-4F93-9945-2E49DBADB8D9}.ReleaseUD|Any CPU.ActiveCfg = Release|x64
		{D90AFB37-0218-4F93-9945-2E49DBADB8D9}.ReleaseUD|Any CPU.Build.0 = Release|x64
		{D90AFB37-0218-4F93-9945-2E49DBADB8D9}.ReleaseUD|Win32.ActiveCfg = Release|Win32
		{D90AFB37-0218-4F93-9945-2E49DBADB8D9}.ReleaseUD|Win32.Build.0 = Release|Win32
		{D90AFB37-0218-4F93-9945-2E49DBADB8D9}.ReleaseUD|x64.ActiveCfg = Release|x64
		{D90AFB37-0218-4F93-9945-2E49DBADB8D9}.ReleaseUD|x64.Build.0 = Release|x64
		{D90AFB37-0218-4F93-9945-2E49DBADB8D9}.ReleaseUS|Any CPU.ActiveCfg = Release|x64
		{D90AFB37-0218-4F93-9945-2E49DBADB8D9}.ReleaseUS|Any CPU.Build.0 = Release|x64
		{D90AFB37-0218-4F93-9945-2E49DBADB8D9}.ReleaseUS|Win32.ActiveCfg = Release|Win32
		{D90AFB37-0218-4F93-9945-2E49DBADB8D9}.ReleaseUS|Win32.Build.0 = Release|Win32
		{D90AFB37-0218-4F93-9945-2E49DBADB8D9}.ReleaseUS|x64.ActiveCfg = Release|x64
		{D90AFB37-0218-4F93-9945-2E49DBADB8D9}.ReleaseUS|x64.Build.0 = Release|x64
		{AB059170-2CC4-45B2-ABE4-74B9F67817AF}.Debug|Any CPU.ActiveCfg = Debug|Any CPU
		{AB059170-2CC4-45B2-ABE4-74B9F67817AF}.Debug|Win32.ActiveCfg = Debug|Any CPU
		{AB059170-2CC4-45B2-ABE4-74B9F67817AF}.Debug|x64.ActiveCfg = Debug|Any CPU
		{AB059170-2CC4-45B2-ABE4-74B9F67817AF}.DebugAD|Any CPU.ActiveCfg = Debug|Any CPU
		{AB059170-2CC4-45B2-ABE4-74B9F67817AF}.DebugAD|Win32.ActiveCfg = Debug|Any CPU
		{AB059170-2CC4-45B2-ABE4-74B9F67817AF}.DebugAD|x64.ActiveCfg = Debug|Any CPU
		{AB059170-2CC4-45B2-ABE4-74B9F67817AF}.DebugAS|Any CPU.ActiveCfg = Debug|Any CPU
		{AB059170-2CC4-45B2-ABE4-74B9F67817AF}.DebugAS|Win32.ActiveCfg = Debug|Any CPU
		{AB059170-2CC4-45B2-ABE4-74B9F67817AF}.DebugAS|x64.ActiveCfg = Debug|Any CPU
		{AB059170-2CC4-45B2-ABE4-74B9F67817AF}.DebugUD|Any CPU.ActiveCfg = Debug|Any CPU
		{AB059170-2CC4-45B2-ABE4-74B9F67817AF}.DebugUD|Win32.ActiveCfg = Debug|Any CPU
		{AB059170-2CC4-45B2-ABE4-74B9F67817AF}.DebugUD|x64.ActiveCfg = Debug|Any CPU
		{AB059170-2CC4-45B2-ABE4-74B9F67817AF}.DebugUS|Any CPU.ActiveCfg = Debug|Any CPU
		{AB059170-2CC4-45B2-ABE4-74B9F67817AF}.DebugUS|Win32.ActiveCfg = Debug|Any CPU
		{AB059170-2CC4-45B2-ABE4-74B9F67817AF}.DebugUS|x64.ActiveCfg = Debug|Any CPU
		{AB059170-2CC4-45B2-ABE4-74B9F67817AF}.RelDev|Any CPU.ActiveCfg = RelDev|Any CPU
		{AB059170-2CC4-45B2-ABE4-74B9F67817AF}.RelDev|Win32.ActiveCfg = RelDev|Any CPU
		{AB059170-2CC4-45B2-ABE4-74B9F67817AF}.RelDev|x64.ActiveCfg = RelDev|Any CPU
		{AB059170-2CC4-45B2-ABE4-74B9F67817AF}.Release|Any CPU.ActiveCfg = Release|Any CPU
		{AB059170-2CC4-45B2-ABE4-74B9F67817AF}.Release|Win32.ActiveCfg = Release|Any CPU
		{AB059170-2CC4-45B2-ABE4-74B9F67817AF}.Release|x64.ActiveCfg = Release|Any CPU
		{AB059170-2CC4-45B2-ABE4-74B9F67817AF}.ReleaseAD|Any CPU.ActiveCfg = Release|Any CPU
		{AB059170-2CC4-45B2-ABE4-74B9F67817AF}.ReleaseAD|Win32.ActiveCfg = Release|Any CPU
		{AB059170-2CC4-45B2-ABE4-74B9F67817AF}.ReleaseAD|x64.ActiveCfg = Release|Any CPU
		{AB059170-2CC4-45B2-ABE4-74B9F67817AF}.ReleaseAS|Any CPU.ActiveCfg = Release|Any CPU
		{AB059170-2CC4-45B2-ABE4-74B9F67817AF}.ReleaseAS|Win32.ActiveCfg = Release|Any CPU
		{AB059170-2CC4-45B2-ABE4-74B9F67817AF}.ReleaseAS|x64.ActiveCfg = Release|Any CPU
		{AB059170-2CC4-45B2-ABE4-74B9F67817AF}.ReleaseUD|Any CPU.ActiveCfg = Release|Any CPU
		{AB059170-2CC4-45B2-ABE4-74B9F67817AF}.ReleaseUD|Win32.ActiveCfg = Release|Any CPU
		{AB059170-2CC4-45B2-ABE4-74B9F67817AF}.ReleaseUD|x64.ActiveCfg = Release|Any CPU
		{AB059170-2CC4-45B2-ABE4-74B9F67817AF}.ReleaseUS|Any CPU.ActiveCfg = Release|Any CPU
		{AB059170-2CC4-45B2-ABE4-74B9F67817AF}.ReleaseUS|Win32.ActiveCfg = Release|Any CPU
		{AB059170-2CC4-45B2-ABE4-74B9F67817AF}.ReleaseUS|x64.ActiveCfg = Release|Any CPU
		{F6EBE1D0-62ED-4F87-AB1C-E019B44A3D38}.Debug|Any CPU.ActiveCfg = Debug|Win32
		{F6EBE1D0-62ED-4F87-AB1C-E019B44A3D38}.Debug|Win32.ActiveCfg = Debug|Win32
		{F6EBE1D0-62ED-4F87-AB1C-E019B44A3D38}.Debug|Win32.Build.0 = Debug|Win32
		{F6EBE1D0-62ED-4F87-AB1C-E019B44A3D38}.Debug|x64.ActiveCfg = Debug|x64
		{F6EBE1D0-62ED-4F87-AB1C-E019B44A3D38}.Debug|x64.Build.0 = Debug|x64
		{F6EBE1D0-62ED-4F87-AB1C-E019B44A3D38}.DebugAD|Any CPU.ActiveCfg = Release|x64
		{F6EBE1D0-62ED-4F87-AB1C-E019B44A3D38}.DebugAD|Any CPU.Build.0 = Release|x64
		{F6EBE1D0-62ED-4F87-AB1C-E019B44A3D38}.DebugAD|Win32.ActiveCfg = Debug|Win32
		{F6EBE1D0-62ED-4F87-AB1C-E019B44A3D38}.DebugAD|Win32.Build.0 = Debug|Win32
		{F6EBE1D0-62ED-4F87-AB1C-E019B44A3D38}.DebugAD|x64.ActiveCfg = Debug|x64
		{F6EBE1D0-62ED-4F87-AB1C-E019B44A3D38}.DebugAD|x64.Build.0 = Debug|x64
		{F6EBE1D0-62ED-4F87-AB1C-E019B44A3D38}.DebugAS|Any CPU.ActiveCfg = Release|x64
		{F6EBE1D0-62ED-4F87-AB1C-E019B44A3D38}.DebugAS|Any CPU.Build.0 = Release|x64
		{F6EBE1D0-62ED-4F87-AB1C-E019B44A3D38}.DebugAS|Win32.ActiveCfg = Debug|Win32
		{F6EBE1D0-62ED-4F87-AB1C-E019B44A3D38}.DebugAS|Win32.Build.0 = Debug|Win32
		{F6EBE1D0-62ED-4F87-AB1C-E019B44A3D38}.DebugAS|x64.ActiveCfg = Debug|x64
		{F6EBE1D0-62ED-4F87-AB1C-E019B44A3D38}.DebugAS|x64.Build.0 = Debug|x64
		{F6EBE1D0-62ED-4F87-AB1C-E019B44A3D38}.DebugUD|Any CPU.ActiveCfg = Release|x64
		{F6EBE1D0-62ED-4F87-AB1C-E019B44A3D38}.DebugUD|Any CPU.Build.0 = Release|x64
		{F6EBE1D0-62ED-4F87-AB1C-E019B44A3D38}.DebugUD|Win32.ActiveCfg = Debug|Win32
		{F6EBE1D0-62ED-4F87-AB1C-E019B44A3D38}.DebugUD|Win32.Build.0 = Debug|Win32
		{F6EBE1D0-62ED-4F87-AB1C-E019B44A3D38}.DebugUD|x64.ActiveCfg = Debug|x64
		{F6EBE1D0-62ED-4F87-AB1C-E019B44A3D38}.DebugUD|x64.Build.0 = Debug|x64
		{F6EBE1D0-62ED-4F87-AB1C-E019B44A3D38}.DebugUS|Any CPU.ActiveCfg = Release|x64
		{F6EBE1D0-62ED-4F87-AB1C-E019B44A3D38}.DebugUS|Any CPU.Build.0 = Release|x64
		{F6EBE1D0-62ED-4F87-AB1C-E019B44A3D38}.DebugUS|Win32.ActiveCfg = Debug|Win32
		{F6EBE1D0-62ED-4F87-AB1C-E019B44A3D38}.DebugUS|Win32.Build.0 = Debug|Win32
		{F6EBE1D0-62ED-4F87-AB1C-E019B44A3D38}.DebugUS|x64.ActiveCfg = Debug|x64
		{F6EBE1D0-62ED-4F87-AB1C-E019B44A3D38}.DebugUS|x64.Build.0 = Debug|x64
		{F6EBE1D0-62ED-4F87-AB1C-E019B44A3D38}.RelDev|Any CPU.ActiveCfg = RelDev|Win32
		{F6EBE1D0-62ED-4F87-AB1C-E019B44A3D38}.RelDev|Win32.ActiveCfg = RelDev|Win32
		{F6EBE1D0-62ED-4F87-AB1C-E019B44A3D38}.RelDev|Win32.Build.0 = RelDev|Win32
		{F6EBE1D0-62ED-4F87-AB1C-E019B44A3D38}.RelDev|x64.ActiveCfg = RelDev|x64
		{F6EBE1D0-62ED-4F87-AB1C-E019B44A3D38}.RelDev|x64.Build.0 = RelDev|x64
		{F6EBE1D0-62ED-4F87-AB1C-E019B44A3D38}.Release|Any CPU.ActiveCfg = Release|Win32
		{F6EBE1D0-62ED-4F87-AB1C-E019B44A3D38}.Release|Win32.ActiveCfg = Release|Win32
		{F6EBE1D0-62ED-4F87-AB1C-E019B44A3D38}.Release|Win32.Build.0 = Release|Win32
		{F6EBE1D0-62ED-4F87-AB1C-E019B44A3D38}.Release|x64.ActiveCfg = Release|x64
		{F6EBE1D0-62ED-4F87-AB1C-E019B44A3D38}.Release|x64.Build.0 = Release|x64
		{F6EBE1D0-62ED-4F87-AB1C-E019B44A3D38}.ReleaseAD|Any CPU.ActiveCfg = Release|x64
		{F6EBE1D0-62ED-4F87-AB1C-E019B44A3D38}.ReleaseAD|Any CPU.Build.0 = Release|x64
		{F6EBE1D0-62ED-4F87-AB1C-E019B44A3D38}.ReleaseAD|Win32.ActiveCfg = Release|Win32
		{F6EBE1D0-62ED-4F87-AB1C-E019B44A3D38}.ReleaseAD|Win32.Build.0 = Release|Win32
		{F6EBE1D0-62ED-4F87-AB1C-E019B44A3D38}.ReleaseAD|x64.ActiveCfg = Release|x64
		{F6EBE1D0-62ED-4F87-AB1C-E019B44A3D38}.ReleaseAD|x64.Build.0 = Release|x64
		{F6EBE1D0-62ED-4F87-AB1C-E019B44A3D38}.ReleaseAS|Any CPU.ActiveCfg = Release|x64
		{F6EBE1D0-62ED-4F87-AB1C-E019B44A3D38}.ReleaseAS|Any CPU.Build.0 = Release|x64
		{F6EBE1D0-62ED-4F87-AB1C-E019B44A3D38}.ReleaseAS|Win32.ActiveCfg = Release|Win32
		{F6EBE1D0-62ED-4F87-AB1C-E019B44A3D38}.ReleaseAS|Win32.Build.0 = Release|Win32
		{F6EBE1D0-62ED-4F87-AB1C-E019B44A3D38}.ReleaseAS|x64.ActiveCfg = Release|x64
		{F6EBE1D0-62ED-4F87-AB1C-E019B44A3D38}.ReleaseAS|x64.Build.0 = Release|x64
		{F6EBE1D0-62ED-4F87-AB1C-E019B44A3D38}.ReleaseUD|Any CPU.ActiveCfg = Release|x64
		{F6EBE1D0-62ED-4F87-AB1C-E019B44A3D38}.ReleaseUD|Any CPU.Build.0 = Release|x64
		{F6EBE1D0-62ED-4F87-AB1C-E019B44A3D38}.ReleaseUD|Win32.ActiveCfg = Release|Win32
		{F6EBE1D0-62ED-4F87-AB1C-E019B44A3D38}.ReleaseUD|Win32.Build.0 = Release|Win32
		{F6EBE1D0-62ED-4F87-AB1C-E019B44A3D38}.ReleaseUD|x64.ActiveCfg = Release|x64
		{F6EBE1D0-62ED-4F87-AB1C-E019B44A3D38}.ReleaseUD|x64.Build.0 = Release|x64
		{F6EBE1D0-62ED-4F87-AB1C-E019B44A3D38}.ReleaseUS|Any CPU.ActiveCfg = Release|x64
		{F6EBE1D0-62ED-4F87-AB1C-E019B44A3D38}.ReleaseUS|Any CPU.Build.0 = Release|x64
		{F6EBE1D0-62ED-4F87-AB1C-E019B44A3D38}.ReleaseUS|Win32.ActiveCfg = Release|Win32
		{F6EBE1D0-62ED-4F87-AB1C-E019B44A3D38}.ReleaseUS|Win32.Build.0 = Release|Win32
		{F6EBE1D0-62ED-4F87-AB1C-E019B44A3D38}.ReleaseUS|x64.ActiveCfg = Release|x64
		{F6EBE1D0-62ED-4F87-AB1C-E019B44A3D38}.ReleaseUS|x64.Build.0 = Release|x64
		{D5AEC004-99B8-4398-AADB-5CE77BD2CC86}.Debug|Any CPU.ActiveCfg = Debug|Any CPU
		{D5AEC004-99B8-4398-AADB-5CE77BD2CC86}.Debug|Win32.ActiveCfg = Debug|Any CPU
		{D5AEC004-99B8-4398-AADB-5CE77BD2CC86}.Debug|x64.ActiveCfg = Debug|Any CPU
		{D5AEC004-99B8-4398-AADB-5CE77BD2CC86}.DebugAD|Any CPU.ActiveCfg = Debug|Any CPU
		{D5AEC004-99B8-4398-AADB-5CE77BD2CC86}.DebugAD|Win32.ActiveCfg = Debug|Any CPU
		{D5AEC004-99B8-4398-AADB-5CE77BD2CC86}.DebugAD|x64.ActiveCfg = Debug|Any CPU
		{D5AEC004-99B8-4398-AADB-5CE77BD2CC86}.DebugAS|Any CPU.ActiveCfg = Debug|Any CPU
		{D5AEC004-99B8-4398-AADB-5CE77BD2CC86}.DebugAS|Win32.ActiveCfg = Debug|Any CPU
		{D5AEC004-99B8-4398-AADB-5CE77BD2CC86}.DebugAS|x64.ActiveCfg = Debug|Any CPU
		{D5AEC004-99B8-4398-AADB-5CE77BD2CC86}.DebugUD|Any CPU.ActiveCfg = Debug|Any CPU
		{D5AEC004-99B8-4398-AADB-5CE77BD2CC86}.DebugUD|Win32.ActiveCfg = Debug|Any CPU
		{D5AEC004-99B8-4398-AADB-5CE77BD2CC86}.DebugUD|x64.ActiveCfg = Debug|Any CPU
		{D5AEC004-99B8-4398-AADB-5CE77BD2CC86}.DebugUS|Any CPU.ActiveCfg = Debug|Any CPU
		{D5AEC004-99B8-4398-AADB-5CE77BD2CC86}.DebugUS|Win32.ActiveCfg = Debug|Any CPU
		{D5AEC004-99B8-4398-AADB-5CE77BD2CC86}.DebugUS|x64.ActiveCfg = Debug|Any CPU
		{D5AEC004-99B8-4398-AADB-5CE77BD2CC86}.RelDev|Any CPU.ActiveCfg = Release|Any CPU
		{D5AEC004-99B8-4398-AADB-5CE77BD2CC86}.RelDev|Win32.ActiveCfg = Release|Any CPU
		{D5AEC004-99B8-4398-AADB-5CE77BD2CC86}.RelDev|x64.ActiveCfg = Release|Any CPU
		{D5AEC004-99B8-4398-AADB-5CE77BD2CC86}.Release|Any CPU.ActiveCfg = Release|Any CPU
		{D5AEC004-99B8-4398-AADB-5CE77BD2CC86}.Release|Win32.ActiveCfg = Release|Any CPU
		{D5AEC004-99B8-4398-AADB-5CE77BD2CC86}.Release|x64.ActiveCfg = Release|Any CPU
		{D5AEC004-99B8-4398-AADB-5CE77BD2CC86}.ReleaseAD|Any CPU.ActiveCfg = Release|Any CPU
		{D5AEC004-99B8-4398-AADB-5CE77BD2CC86}.ReleaseAD|Win32.ActiveCfg = Release|Any CPU
		{D5AEC004-99B8-4398-AADB-5CE77BD2CC86}.ReleaseAD|x64.ActiveCfg = Release|Any CPU
		{D5AEC004-99B8-4398-AADB-5CE77BD2CC86}.ReleaseAS|Any CPU.ActiveCfg = Release|Any CPU
		{D5AEC004-99B8-4398-AADB-5CE77BD2CC86}.ReleaseAS|Win32.ActiveCfg = Release|Any CPU
		{D5AEC004-99B8-4398-AADB-5CE77BD2CC86}.ReleaseAS|x64.ActiveCfg = Release|Any CPU
		{D5AEC004-99B8-4398-AADB-5CE77BD2CC86}.ReleaseUD|Any CPU.ActiveCfg = Release|Any CPU
		{D5AEC004-99B8-4398-AADB-5CE77BD2CC86}.ReleaseUD|Win32.ActiveCfg = Release|Any CPU
		{D5AEC004-99B8-4398-AADB-5CE77BD2CC86}.ReleaseUD|x64.ActiveCfg = Release|Any CPU
		{D5AEC004-99B8-4398-AADB-5CE77BD2CC86}.ReleaseUS|Any CPU.ActiveCfg = Release|Any CPU
		{D5AEC004-99B8-4398-AADB-5CE77BD2CC86}.ReleaseUS|Win32.ActiveCfg = Release|Any CPU
		{D5AEC004-99B8-4398-AADB-5CE77BD2CC86}.ReleaseUS|x64.ActiveCfg = Release|Any CPU
		{BA0C257F-E2AC-4F48-BB97-0C18E6CC7625}.Debug|Any CPU.ActiveCfg = Debug|Win32
		{BA0C257F-E2AC-4F48-BB97-0C18E6CC7625}.Debug|Win32.ActiveCfg = Debug|Win32
		{BA0C257F-E2AC-4F48-BB97-0C18E6CC7625}.Debug|Win32.Build.0 = Debug|Win32
		{BA0C257F-E2AC-4F48-BB97-0C18E6CC7625}.Debug|Win32.Deploy.0 = Debug|Win32
		{BA0C257F-E2AC-4F48-BB97-0C18E6CC7625}.Debug|x64.ActiveCfg = Debug|x64
		{BA0C257F-E2AC-4F48-BB97-0C18E6CC7625}.Debug|x64.Build.0 = Debug|x64
		{BA0C257F-E2AC-4F48-BB97-0C18E6CC7625}.DebugAD|Any CPU.ActiveCfg = Release|x64
		{BA0C257F-E2AC-4F48-BB97-0C18E6CC7625}.DebugAD|Any CPU.Build.0 = Release|x64
		{BA0C257F-E2AC-4F48-BB97-0C18E6CC7625}.DebugAD|Win32.ActiveCfg = Debug|Win32
		{BA0C257F-E2AC-4F48-BB97-0C18E6CC7625}.DebugAD|Win32.Build.0 = Debug|Win32
		{BA0C257F-E2AC-4F48-BB97-0C18E6CC7625}.DebugAD|x64.ActiveCfg = Debug|x64
		{BA0C257F-E2AC-4F48-BB97-0C18E6CC7625}.DebugAD|x64.Build.0 = Debug|x64
		{BA0C257F-E2AC-4F48-BB97-0C18E6CC7625}.DebugAS|Any CPU.ActiveCfg = Release|x64
		{BA0C257F-E2AC-4F48-BB97-0C18E6CC7625}.DebugAS|Any CPU.Build.0 = Release|x64
		{BA0C257F-E2AC-4F48-BB97-0C18E6CC7625}.DebugAS|Win32.ActiveCfg = Debug|Win32
		{BA0C257F-E2AC-4F48-BB97-0C18E6CC7625}.DebugAS|Win32.Build.0 = Debug|Win32
		{BA0C257F-E2AC-4F48-BB97-0C18E6CC7625}.DebugAS|x64.ActiveCfg = Debug|x64
		{BA0C257F-E2AC-4F48-BB97-0C18E6CC7625}.DebugAS|x64.Build.0 = Debug|x64
		{BA0C257F-E2AC-4F48-BB97-0C18E6CC7625}.DebugUD|Any CPU.ActiveCfg = Release|x64
		{BA0C257F-E2AC-4F48-BB97-0C18E6CC7625}.DebugUD|Any CPU.Build.0 = Release|x64
		{BA0C257F-E2AC-4F48-BB97-0C18E6CC7625}.DebugUD|Win32.ActiveCfg = Debug|Win32
		{BA0C257F-E2AC-4F48-BB97-0C18E6CC7625}.DebugUD|Win32.Build.0 = Debug|Win32
		{BA0C257F-E2AC-4F48-BB97-0C18E6CC7625}.DebugUD|x64.ActiveCfg = Debug|x64
		{BA0C257F-E2AC-4F48-BB97-0C18E6CC7625}.DebugUD|x64.Build.0 = Debug|x64
		{BA0C257F-E2AC-4F48-BB97-0C18E6CC7625}.DebugUS|Any CPU.ActiveCfg = Release|x64
		{BA0C257F-E2AC-4F48-BB97-0C18E6CC7625}.DebugUS|Any CPU.Build.0 = Release|x64
		{BA0C257F-E2AC-4F48-BB97-0C18E6CC7625}.DebugUS|Win32.ActiveCfg = Debug|Win32
		{BA0C257F-E2AC-4F48-BB97-0C18E6CC7625}.DebugUS|Win32.Build.0 = Debug|Win32
		{BA0C257F-E2AC-4F48-BB97-0C18E6CC7625}.DebugUS|x64.ActiveCfg = Debug|x64
		{BA0C257F-E2AC-4F48-BB97-0C18E6CC7625}.DebugUS|x64.Build.0 = Debug|x64
		{BA0C257F-E2AC-4F48-BB97-0C18E6CC7625}.RelDev|Any CPU.ActiveCfg = RelDev|Win32
		{BA0C257F-E2AC-4F48-BB97-0C18E6CC7625}.RelDev|Win32.ActiveCfg = RelDev|Win32
		{BA0C257F-E2AC-4F48-BB97-0C18E6CC7625}.RelDev|Win32.Build.0 = RelDev|Win32
		{BA0C257F-E2AC-4F48-BB97-0C18E6CC7625}.RelDev|x64.ActiveCfg = RelDev|x64
		{BA0C257F-E2AC-4F48-BB97-0C18E6CC7625}.RelDev|x64.Build.0 = RelDev|x64
		{BA0C257F-E2AC-4F48-BB97-0C18E6CC7625}.Release|Any CPU.ActiveCfg = Release|Win32
		{BA0C257F-E2AC-4F48-BB97-0C18E6CC7625}.Release|Win32.ActiveCfg = Release|Win32
		{BA0C257F-E2AC-4F48-BB97-0C18E6CC7625}.Release|Win32.Build.0 = Release|Win32
		{BA0C257F-E2AC-4F48-BB97-0C18E6CC7625}.Release|x64.ActiveCfg = Release|x64
		{BA0C257F-E2AC-4F48-BB97-0C18E6CC7625}.Release|x64.Build.0 = Release|x64
		{BA0C257F-E2AC-4F48-BB97-0C18E6CC7625}.ReleaseAD|Any CPU.ActiveCfg = Release|x64
		{BA0C257F-E2AC-4F48-BB97-0C18E6CC7625}.ReleaseAD|Any CPU.Build.0 = Release|x64
		{BA0C257F-E2AC-4F48-BB97-0C18E6CC7625}.ReleaseAD|Win32.ActiveCfg = Release|Win32
		{BA0C257F-E2AC-4F48-BB97-0C18E6CC7625}.ReleaseAD|Win32.Build.0 = Release|Win32
		{BA0C257F-E2AC-4F48-BB97-0C18E6CC7625}.ReleaseAD|x64.ActiveCfg = Release|x64
		{BA0C257F-E2AC-4F48-BB97-0C18E6CC7625}.ReleaseAD|x64.Build.0 = Release|x64
		{BA0C257F-E2AC-4F48-BB97-0C18E6CC7625}.ReleaseAS|Any CPU.ActiveCfg = Release|x64
		{BA0C257F-E2AC-4F48-BB97-0C18E6CC7625}.ReleaseAS|Any CPU.Build.0 = Release|x64
		{BA0C257F-E2AC-4F48-BB97-0C18E6CC7625}.ReleaseAS|Win32.ActiveCfg = Release|Win32
		{BA0C257F-E2AC-4F48-BB97-0C18E6CC7625}.ReleaseAS|Win32.Build.0 = Release|Win32
		{BA0C257F-E2AC-4F48-BB97-0C18E6CC7625}.ReleaseAS|x64.ActiveCfg = Release|x64
		{BA0C257F-E2AC-4F48-BB97-0C18E6CC7625}.ReleaseAS|x64.Build.0 = Release|x64
		{BA0C257F-E2AC-4F48-BB97-0C18E6CC7625}.ReleaseUD|Any CPU.ActiveCfg = Release|x64
		{BA0C257F-E2AC-4F48-BB97-0C18E6CC7625}.ReleaseUD|Any CPU.Build.0 = Release|x64
		{BA0C257F-E2AC-4F48-BB97-0C18E6CC7625}.ReleaseUD|Win32.ActiveCfg = Release|Win32
		{BA0C257F-E2AC-4F48-BB97-0C18E6CC7625}.ReleaseUD|Win32.Build.0 = Release|Win32
		{BA0C257F-E2AC-4F48-BB97-0C18E6CC7625}.ReleaseUD|x64.ActiveCfg = Release|x64
		{BA0C257F-E2AC-4F48-BB97-0C18E6CC7625}.ReleaseUD|x64.Build.0 = Release|x64
		{BA0C257F-E2AC-4F48-BB97-0C18E6CC7625}.ReleaseUS|Any CPU.ActiveCfg = Release|x64
		{BA0C257F-E2AC-4F48-BB97-0C18E6CC7625}.ReleaseUS|Any CPU.Build.0 = Release|x64
		{BA0C257F-E2AC-4F48-BB97-0C18E6CC7625}.ReleaseUS|Win32.ActiveCfg = Release|Win32
		{BA0C257F-E2AC-4F48-BB97-0C18E6CC7625}.ReleaseUS|Win32.Build.0 = Release|Win32
		{BA0C257F-E2AC-4F48-BB97-0C18E6CC7625}.ReleaseUS|x64.ActiveCfg = Release|x64
		{BA0C257F-E2AC-4F48-BB97-0C18E6CC7625}.ReleaseUS|x64.Build.0 = Release|x64
		{44EADDC1-A72A-49C7-9C01-CA5567FB5B88}.Debug|Any CPU.ActiveCfg = Debug|Win32
		{44EADDC1-A72A-49C7-9C01-CA5567FB5B88}.Debug|Win32.ActiveCfg = Debug|Win32
		{44EADDC1-A72A-49C7-9C01-CA5567FB5B88}.Debug|Win32.Build.0 = Debug|Win32
		{44EADDC1-A72A-49C7-9C01-CA5567FB5B88}.Debug|x64.ActiveCfg = Debug|x64
		{44EADDC1-A72A-49C7-9C01-CA5567FB5B88}.Debug|x64.Build.0 = Debug|x64
		{44EADDC1-A72A-49C7-9C01-CA5567FB5B88}.DebugAD|Any CPU.ActiveCfg = Release|x64
		{44EADDC1-A72A-49C7-9C01-CA5567FB5B88}.DebugAD|Any CPU.Build.0 = Release|x64
		{44EADDC1-A72A-49C7-9C01-CA5567FB5B88}.DebugAD|Win32.ActiveCfg = Debug|Win32
		{44EADDC1-A72A-49C7-9C01-CA5567FB5B88}.DebugAD|Win32.Build.0 = Debug|Win32
		{44EADDC1-A72A-49C7-9C01-CA5567FB5B88}.DebugAD|x64.ActiveCfg = Debug|x64
		{44EADDC1-A72A-49C7-9C01-CA5567FB5B88}.DebugAD|x64.Build.0 = Debug|x64
		{44EADDC1-A72A-49C7-9C01-CA5567FB5B88}.DebugAS|Any CPU.ActiveCfg = Release|x64
		{44EADDC1-A72A-49C7-9C01-CA5567FB5B88}.DebugAS|Any CPU.Build.0 = Release|x64
		{44EADDC1-A72A-49C7-9C01-CA5567FB5B88}.DebugAS|Win32.ActiveCfg = Debug|Win32
		{44EADDC1-A72A-49C7-9C01-CA5567FB5B88}.DebugAS|Win32.Build.0 = Debug|Win32
		{44EADDC1-A72A-49C7-9C01-CA5567FB5B88}.DebugAS|x64.ActiveCfg = Debug|x64
		{44EADDC1-A72A-49C7-9C01-CA5567FB5B88}.DebugAS|x64.Build.0 = Debug|x64
		{44EADDC1-A72A-49C7-9C01-CA5567FB5B88}.DebugUD|Any CPU.ActiveCfg = Release|x64
		{44EADDC1-A72A-49C7-9C01-CA5567FB5B88}.DebugUD|Any CPU.Build.0 = Release|x64
		{44EADDC1-A72A-49C7-9C01-CA5567FB5B88}.DebugUD|Win32.ActiveCfg = Debug|Win32
		{44EADDC1-A72A-49C7-9C01-CA5567FB5B88}.DebugUD|Win32.Build.0 = Debug|Win32
		{44EADDC1-A72A-49C7-9C01-CA5567FB5B88}.DebugUD|x64.ActiveCfg = Debug|x64
		{44EADDC1-A72A-49C7-9C01-CA5567FB5B88}.DebugUD|x64.Build.0 = Debug|x64
		{44EADDC1-A72A-49C7-9C01-CA5567FB5B88}.DebugUS|Any CPU.ActiveCfg = Release|x64
		{44EADDC1-A72A-49C7-9C01-CA5567FB5B88}.DebugUS|Any CPU.Build.0 = Release|x64
		{44EADDC1-A72A-49C7-9C01-CA5567FB5B88}.DebugUS|Win32.ActiveCfg = Debug|Win32
		{44EADDC1-A72A-49C7-9C01-CA5567FB5B88}.DebugUS|Win32.Build.0 = Debug|Win32
		{44EADDC1-A72A-49C7-9C01-CA5567FB5B88}.DebugUS|x64.ActiveCfg = Debug|x64
		{44EADDC1-A72A-49C7-9C01-CA5567FB5B88}.DebugUS|x64.Build.0 = Debug|x64
		{44EADDC1-A72A-49C7-9C01-CA5567FB5B88}.RelDev|Any CPU.ActiveCfg = Release|x64
		{44EADDC1-A72A-49C7-9C01-CA5567FB5B88}.RelDev|Any CPU.Build.0 = Release|x64
		{44EADDC1-A72A-49C7-9C01-CA5567FB5B88}.RelDev|Win32.ActiveCfg = Release|Win32
		{44EADDC1-A72A-49C7-9C01-CA5567FB5B88}.RelDev|Win32.Build.0 = Release|Win32
		{44EADDC1-A72A-49C7-9C01-CA5567FB5B88}.RelDev|x64.ActiveCfg = Release|x64
		{44EADDC1-A72A-49C7-9C01-CA5567FB5B88}.RelDev|x64.Build.0 = Release|x64
		{44EADDC1-A72A-49C7-9C01-CA5567FB5B88}.Release|Any CPU.ActiveCfg = Release|Win32
		{44EADDC1-A72A-49C7-9C01-CA5567FB5B88}.Release|Win32.ActiveCfg = Release|Win32
		{44EADDC1-A72A-49C7-9C01-CA5567FB5B88}.Release|Win32.Build.0 = Release|Win32
		{44EADDC1-A72A-49C7-9C01-CA5567FB5B88}.Release|x64.ActiveCfg = Release|x64
		{44EADDC1-A72A-49C7-9C01-CA5567FB5B88}.Release|x64.Build.0 = Release|x64
		{44EADDC1-A72A-49C7-9C01-CA5567FB5B88}.ReleaseAD|Any CPU.ActiveCfg = Release|x64
		{44EADDC1-A72A-49C7-9C01-CA5567FB5B88}.ReleaseAD|Any CPU.Build.0 = Release|x64
		{44EADDC1-A72A-49C7-9C01-CA5567FB5B88}.ReleaseAD|Win32.ActiveCfg = Release|Win32
		{44EADDC1-A72A-49C7-9C01-CA5567FB5B88}.ReleaseAD|Win32.Build.0 = Release|Win32
		{44EADDC1-A72A-49C7-9C01-CA5567FB5B88}.ReleaseAD|x64.ActiveCfg = Release|x64
		{44EADDC1-A72A-49C7-9C01-CA5567FB5B88}.ReleaseAD|x64.Build.0 = Release|x64
		{44EADDC1-A72A-49C7-9C01-CA5567FB5B88}.ReleaseAS|Any CPU.ActiveCfg = Release|x64
		{44EADDC1-A72A-49C7-9C01-CA5567FB5B88}.ReleaseAS|Any CPU.Build.0 = Release|x64
		{44EADDC1-A72A-49C7-9C01-CA5567FB5B88}.ReleaseAS|Win32.ActiveCfg = Release|Win32
		{44EADDC1-A72A-49C7-9C01-CA5567FB5B88}.ReleaseAS|Win32.Build.0 = Release|Win32
		{44EADDC1-A72A-49C7-9C01-CA5567FB5B88}.ReleaseAS|x64.ActiveCfg = Release|x64
		{44EADDC1-A72A-49C7-9C01-CA5567FB5B88}.ReleaseAS|x64.Build.0 = Release|x64
		{44EADDC1-A72A-49C7-9C01-CA5567FB5B88}.ReleaseUD|Any CPU.ActiveCfg = Release|x64
		{44EADDC1-A72A-49C7-9C01-CA5567FB5B88}.ReleaseUD|Any CPU.Build.0 = Release|x64
		{44EADDC1-A72A-49C7-9C01-CA5567FB5B88}.ReleaseUD|Win32.ActiveCfg = Release|Win32
		{44EADDC1-A72A-49C7-9C01-CA5567FB5B88}.ReleaseUD|Win32.Build.0 = Release|Win32
		{44EADDC1-A72A-49C7-9C01-CA5567FB5B88}.ReleaseUD|x64.ActiveCfg = Release|x64
		{44EADDC1-A72A-49C7-9C01-CA5567FB5B88}.ReleaseUD|x64.Build.0 = Release|x64
		{44EADDC1-A72A-49C7-9C01-CA5567FB5B88}.ReleaseUS|Any CPU.ActiveCfg = Release|x64
		{44EADDC1-A72A-49C7-9C01-CA5567FB5B88}.ReleaseUS|Any CPU.Build.0 = Release|x64
		{44EADDC1-A72A-49C7-9C01-CA5567FB5B88}.ReleaseUS|Win32.ActiveCfg = Release|Win32
		{44EADDC1-A72A-49C7-9C01-CA5567FB5B88}.ReleaseUS|Win32.Build.0 = Release|Win32
		{44EADDC1-A72A-49C7-9C01-CA5567FB5B88}.ReleaseUS|x64.ActiveCfg = Release|x64
		{44EADDC1-A72A-49C7-9C01-CA5567FB5B88}.ReleaseUS|x64.Build.0 = Release|x64
	EndGlobalSection
	GlobalSection(SolutionProperties) = preSolution
		HideSolutionNode = FALSE
	EndGlobalSection
EndGlobal
