
Microsoft Visual Studio Solution File, Format Version 12.00
# Visual Studio 14
VisualStudioVersion = 14.0.24720.0
MinimumVisualStudioVersion = 10.0.40219.1
Project("{8BC9CEB8-8B4A-11D0-8D11-00A0C91BC942}") = "Graphics", "Graphics\Graphics.vcxproj", "{8B062A9B-8100-4E76-A62F-CC274EA1753D}"
EndProject
Project("{8BC9CEB8-8B4A-11D0-8D11-00A0C91BC942}") = "PassiveBot", "PassiveBot\PassiveBot.vcxproj", "{945517CC-D19D-4232-88B0-E32156ED0336}"
	ProjectSection(ProjectDependencies) = postProject
		{EEE21940-A07D-4D1F-84EA-66079CEAE25F} = {EEE21940-A07D-4D1F-84EA-66079CEAE25F}
		{A8E79958-0EAE-46DC-8161-143F33F1DB40} = {A8E79958-0EAE-46DC-8161-143F33F1DB40}
		{F6EBE1D0-62ED-4F87-AB1C-E019B44A3D38} = {F6EBE1D0-62ED-4F87-AB1C-E019B44A3D38}
		{4D037CF2-6076-483C-A28A-96A958158213} = {4D037CF2-6076-483C-A28A-96A958158213}
	EndProjectSection
EndProject
Project("{8BC9CEB8-8B4A-11D0-8D11-00A0C91BC942}") = "Tools", "Tools\Tools.vcxproj", "{FBA856A2-A371-492C-97D8-60133EF2E782}"
EndProject
Project("{8BC9CEB8-8B4A-11D0-8D11-00A0C91BC942}") = "WowInteraction", "WowInteraction\WowInteraction.vcxproj", "{4D037CF2-6076-483C-A28A-96A958158213}"
	ProjectSection(ProjectDependencies) = postProject
		{FBA856A2-A371-492C-97D8-60133EF2E782} = {FBA856A2-A371-492C-97D8-60133EF2E782}
	EndProjectSection
EndProject
Project("{8BC9CEB8-8B4A-11D0-8D11-00A0C91BC942}") = "WowWorldsData", "WowWorldsData\WowWorldsData.vcxproj", "{A8E79958-0EAE-46DC-8161-143F33F1DB40}"
	ProjectSection(ProjectDependencies) = postProject
		{FBA856A2-A371-492C-97D8-60133EF2E782} = {FBA856A2-A371-492C-97D8-60133EF2E782}
		{4D037CF2-6076-483C-A28A-96A958158213} = {4D037CF2-6076-483C-A28A-96A958158213}
	EndProjectSection
EndProject
Project("{8BC9CEB8-8B4A-11D0-8D11-00A0C91BC942}") = "BotInteractor", "BotInteractor\BotInteractor.vcxproj", "{EEE21940-A07D-4D1F-84EA-66079CEAE25F}"
	ProjectSection(ProjectDependencies) = postProject
		{A8E79958-0EAE-46DC-8161-143F33F1DB40} = {A8E79958-0EAE-46DC-8161-143F33F1DB40}
		{4D037CF2-6076-483C-A28A-96A958158213} = {4D037CF2-6076-483C-A28A-96A958158213}
	EndProjectSection
EndProject
Project("{8BC9CEB8-8B4A-11D0-8D11-00A0C91BC942}") = "WorldViewer", "WorldViewer\WorldViewer.vcxproj", "{D90AFB37-0218-4F93-9945-2E49DBADB8D9}"
	ProjectSection(ProjectDependencies) = postProject
		{A8E79958-0EAE-46DC-8161-143F33F1DB40} = {A8E79958-0EAE-46DC-8161-143F33F1DB40}
		{8B062A9B-8100-4E76-A62F-CC274EA1753D} = {8B062A9B-8100-4E76-A62F-CC274EA1753D}
		{F6EBE1D0-62ED-4F87-AB1C-E019B44A3D38} = {F6EBE1D0-62ED-4F87-AB1C-E019B44A3D38}
	EndProjectSection
EndProject
Project("{8BC9CEB8-8B4A-11D0-8D11-00A0C91BC942}") = "Swig", "Swig\Swig.vcxproj", "{83181B7A-043A-4209-90FD-2C1A482F3594}"
	ProjectSection(ProjectDependencies) = postProject
		{EEE21940-A07D-4D1F-84EA-66079CEAE25F} = {EEE21940-A07D-4D1F-84EA-66079CEAE25F}
	EndProjectSection
EndProject
Project("{888888A0-9F3D-457C-B088-3A5042F75D52}") = "PassiveBotPy", "PassiveBotPy\PassiveBotPy.pyproj", "{AB059170-2CC4-45B2-ABE4-74B9F67817AF}"
EndProject
Project("{8BC9CEB8-8B4A-11D0-8D11-00A0C91BC942}") = "NetworkCommunication", "NetworkCommunication\NetworkCommunication.vcxproj", "{F6EBE1D0-62ED-4F87-AB1C-E019B44A3D38}"
EndProject
Project("{8BC9CEB8-8B4A-11D0-8D11-00A0C91BC942}") = "GlobalPathGenerator", "GlobalPathGenerator\GlobalPathGenerator.vcxproj", "{078F66D4-FD5C-4EC4-AED6-D65716137EE5}"
	ProjectSection(ProjectDependencies) = postProject
		{A8E79958-0EAE-46DC-8161-143F33F1DB40} = {A8E79958-0EAE-46DC-8161-143F33F1DB40}
	EndProjectSection
EndProject
Global
	GlobalSection(SolutionConfigurationPlatforms) = preSolution
		Debug|Any CPU = Debug|Any CPU
		Debug|Win32 = Debug|Win32
		Debug|x64 = Debug|x64
		Release|Any CPU = Release|Any CPU
		Release|Win32 = Release|Win32
		Release|x64 = Release|x64
	EndGlobalSection
	GlobalSection(ProjectConfigurationPlatforms) = postSolution
		{8B062A9B-8100-4E76-A62F-CC274EA1753D}.Debug|Any CPU.ActiveCfg = Debug|Win32
		{8B062A9B-8100-4E76-A62F-CC274EA1753D}.Debug|Win32.ActiveCfg = Debug|Win32
		{8B062A9B-8100-4E76-A62F-CC274EA1753D}.Debug|Win32.Build.0 = Debug|Win32
		{8B062A9B-8100-4E76-A62F-CC274EA1753D}.Debug|x64.ActiveCfg = Debug|Win32
		{8B062A9B-8100-4E76-A62F-CC274EA1753D}.Release|Any CPU.ActiveCfg = Release|Win32
		{8B062A9B-8100-4E76-A62F-CC274EA1753D}.Release|Win32.ActiveCfg = Release|Win32
		{8B062A9B-8100-4E76-A62F-CC274EA1753D}.Release|Win32.Build.0 = Release|Win32
		{8B062A9B-8100-4E76-A62F-CC274EA1753D}.Release|x64.ActiveCfg = Release|Win32
		{945517CC-D19D-4232-88B0-E32156ED0336}.Debug|Any CPU.ActiveCfg = Debug|Win32
		{945517CC-D19D-4232-88B0-E32156ED0336}.Debug|Win32.ActiveCfg = Debug|Win32
		{945517CC-D19D-4232-88B0-E32156ED0336}.Debug|Win32.Build.0 = Debug|Win32
		{945517CC-D19D-4232-88B0-E32156ED0336}.Debug|x64.ActiveCfg = Debug|Win32
		{945517CC-D19D-4232-88B0-E32156ED0336}.Release|Any CPU.ActiveCfg = Release|Win32
		{945517CC-D19D-4232-88B0-E32156ED0336}.Release|Win32.ActiveCfg = Release|Win32
		{945517CC-D19D-4232-88B0-E32156ED0336}.Release|Win32.Build.0 = Release|Win32
		{945517CC-D19D-4232-88B0-E32156ED0336}.Release|x64.ActiveCfg = Release|Win32
		{FBA856A2-A371-492C-97D8-60133EF2E782}.Debug|Any CPU.ActiveCfg = Debug|Win32
		{FBA856A2-A371-492C-97D8-60133EF2E782}.Debug|Win32.ActiveCfg = Debug|Win32
		{FBA856A2-A371-492C-97D8-60133EF2E782}.Debug|Win32.Build.0 = Debug|Win32
		{FBA856A2-A371-492C-97D8-60133EF2E782}.Debug|x64.ActiveCfg = Debug|Win32
		{FBA856A2-A371-492C-97D8-60133EF2E782}.Release|Any CPU.ActiveCfg = Release|Win32
		{FBA856A2-A371-492C-97D8-60133EF2E782}.Release|Win32.ActiveCfg = Release|Win32
		{FBA856A2-A371-492C-97D8-60133EF2E782}.Release|Win32.Build.0 = Release|Win32
		{FBA856A2-A371-492C-97D8-60133EF2E782}.Release|x64.ActiveCfg = Release|Win32
		{4D037CF2-6076-483C-A28A-96A958158213}.Debug|Any CPU.ActiveCfg = Debug|Win32
		{4D037CF2-6076-483C-A28A-96A958158213}.Debug|Win32.ActiveCfg = Debug|Win32
		{4D037CF2-6076-483C-A28A-96A958158213}.Debug|Win32.Build.0 = Debug|Win32
		{4D037CF2-6076-483C-A28A-96A958158213}.Debug|x64.ActiveCfg = Debug|Win32
		{4D037CF2-6076-483C-A28A-96A958158213}.Release|Any CPU.ActiveCfg = Release|Win32
		{4D037CF2-6076-483C-A28A-96A958158213}.Release|Win32.ActiveCfg = Release|Win32
		{4D037CF2-6076-483C-A28A-96A958158213}.Release|Win32.Build.0 = Release|Win32
		{4D037CF2-6076-483C-A28A-96A958158213}.Release|x64.ActiveCfg = Release|Win32
		{A8E79958-0EAE-46DC-8161-143F33F1DB40}.Debug|Any CPU.ActiveCfg = Debug|Win32
		{A8E79958-0EAE-46DC-8161-143F33F1DB40}.Debug|Win32.ActiveCfg = Debug|Win32
		{A8E79958-0EAE-46DC-8161-143F33F1DB40}.Debug|Win32.Build.0 = Debug|Win32
		{A8E79958-0EAE-46DC-8161-143F33F1DB40}.Debug|x64.ActiveCfg = Debug|Win32
		{A8E79958-0EAE-46DC-8161-143F33F1DB40}.Release|Any CPU.ActiveCfg = Release|Win32
		{A8E79958-0EAE-46DC-8161-143F33F1DB40}.Release|Win32.ActiveCfg = Release|Win32
		{A8E79958-0EAE-46DC-8161-143F33F1DB40}.Release|Win32.Build.0 = Release|Win32
		{A8E79958-0EAE-46DC-8161-143F33F1DB40}.Release|x64.ActiveCfg = Release|Win32
		{EEE21940-A07D-4D1F-84EA-66079CEAE25F}.Debug|Any CPU.ActiveCfg = Debug|Win32
		{EEE21940-A07D-4D1F-84EA-66079CEAE25F}.Debug|Win32.ActiveCfg = Debug|Win32
		{EEE21940-A07D-4D1F-84EA-66079CEAE25F}.Debug|Win32.Build.0 = Debug|Win32
		{EEE21940-A07D-4D1F-84EA-66079CEAE25F}.Debug|x64.ActiveCfg = Debug|x64
		{EEE21940-A07D-4D1F-84EA-66079CEAE25F}.Debug|x64.Build.0 = Debug|x64
		{EEE21940-A07D-4D1F-84EA-66079CEAE25F}.Release|Any CPU.ActiveCfg = Release|Win32
		{EEE21940-A07D-4D1F-84EA-66079CEAE25F}.Release|Win32.ActiveCfg = Release|Win32
		{EEE21940-A07D-4D1F-84EA-66079CEAE25F}.Release|Win32.Build.0 = Release|Win32
		{EEE21940-A07D-4D1F-84EA-66079CEAE25F}.Release|x64.ActiveCfg = Release|x64
		{EEE21940-A07D-4D1F-84EA-66079CEAE25F}.Release|x64.Build.0 = Release|x64
		{D90AFB37-0218-4F93-9945-2E49DBADB8D9}.Debug|Any CPU.ActiveCfg = Debug|Win32
		{D90AFB37-0218-4F93-9945-2E49DBADB8D9}.Debug|Win32.ActiveCfg = Debug|Win32
		{D90AFB37-0218-4F93-9945-2E49DBADB8D9}.Debug|Win32.Build.0 = Debug|Win32
		{D90AFB37-0218-4F93-9945-2E49DBADB8D9}.Debug|x64.ActiveCfg = Debug|x64
		{D90AFB37-0218-4F93-9945-2E49DBADB8D9}.Debug|x64.Build.0 = Debug|x64
		{D90AFB37-0218-4F93-9945-2E49DBADB8D9}.Release|Any CPU.ActiveCfg = Release|Win32
		{D90AFB37-0218-4F93-9945-2E49DBADB8D9}.Release|Win32.ActiveCfg = Release|Win32
		{D90AFB37-0218-4F93-9945-2E49DBADB8D9}.Release|Win32.Build.0 = Release|Win32
		{D90AFB37-0218-4F93-9945-2E49DBADB8D9}.Release|x64.ActiveCfg = Release|x64
		{D90AFB37-0218-4F93-9945-2E49DBADB8D9}.Release|x64.Build.0 = Release|x64
		{83181B7A-043A-4209-90FD-2C1A482F3594}.Debug|Any CPU.ActiveCfg = Debug|Win32
		{83181B7A-043A-4209-90FD-2C1A482F3594}.Debug|Win32.ActiveCfg = Debug|Win32
		{83181B7A-043A-4209-90FD-2C1A482F3594}.Debug|Win32.Build.0 = Debug|Win32
		{83181B7A-043A-4209-90FD-2C1A482F3594}.Debug|x64.ActiveCfg = Debug|x64
		{83181B7A-043A-4209-90FD-2C1A482F3594}.Debug|x64.Build.0 = Debug|x64
		{83181B7A-043A-4209-90FD-2C1A482F3594}.Release|Any CPU.ActiveCfg = Release|Win32
		{83181B7A-043A-4209-90FD-2C1A482F3594}.Release|Win32.ActiveCfg = Release|Win32
		{83181B7A-043A-4209-90FD-2C1A482F3594}.Release|Win32.Build.0 = Release|Win32
		{83181B7A-043A-4209-90FD-2C1A482F3594}.Release|x64.ActiveCfg = Release|x64
		{83181B7A-043A-4209-90FD-2C1A482F3594}.Release|x64.Build.0 = Release|x64
		{AB059170-2CC4-45B2-ABE4-74B9F67817AF}.Debug|Any CPU.ActiveCfg = Debug|Any CPU
		{AB059170-2CC4-45B2-ABE4-74B9F67817AF}.Debug|Win32.ActiveCfg = Debug|Any CPU
		{AB059170-2CC4-45B2-ABE4-74B9F67817AF}.Debug|x64.ActiveCfg = Debug|Any CPU
		{AB059170-2CC4-45B2-ABE4-74B9F67817AF}.Release|Any CPU.ActiveCfg = Release|Any CPU
		{AB059170-2CC4-45B2-ABE4-74B9F67817AF}.Release|Win32.ActiveCfg = Release|Any CPU
		{AB059170-2CC4-45B2-ABE4-74B9F67817AF}.Release|x64.ActiveCfg = Release|Any CPU
		{F6EBE1D0-62ED-4F87-AB1C-E019B44A3D38}.Debug|Any CPU.ActiveCfg = Debug|Win32
		{F6EBE1D0-62ED-4F87-AB1C-E019B44A3D38}.Debug|Win32.ActiveCfg = Debug|Win32
		{F6EBE1D0-62ED-4F87-AB1C-E019B44A3D38}.Debug|Win32.Build.0 = Debug|Win32
		{F6EBE1D0-62ED-4F87-AB1C-E019B44A3D38}.Debug|x64.ActiveCfg = Debug|x64
		{F6EBE1D0-62ED-4F87-AB1C-E019B44A3D38}.Debug|x64.Build.0 = Debug|x64
		{F6EBE1D0-62ED-4F87-AB1C-E019B44A3D38}.Release|Any CPU.ActiveCfg = Release|Win32
		{F6EBE1D0-62ED-4F87-AB1C-E019B44A3D38}.Release|Win32.ActiveCfg = Release|Win32
		{F6EBE1D0-62ED-4F87-AB1C-E019B44A3D38}.Release|Win32.Build.0 = Release|Win32
		{F6EBE1D0-62ED-4F87-AB1C-E019B44A3D38}.Release|x64.ActiveCfg = Release|x64
		{F6EBE1D0-62ED-4F87-AB1C-E019B44A3D38}.Release|x64.Build.0 = Release|x64
		{078F66D4-FD5C-4EC4-AED6-D65716137EE5}.Debug|Any CPU.ActiveCfg = Debug|Win32
		{078F66D4-FD5C-4EC4-AED6-D65716137EE5}.Debug|Win32.ActiveCfg = Debug|Win32
		{078F66D4-FD5C-4EC4-AED6-D65716137EE5}.Debug|Win32.Build.0 = Debug|Win32
		{078F66D4-FD5C-4EC4-AED6-D65716137EE5}.Debug|x64.ActiveCfg = Debug|x64
		{078F66D4-FD5C-4EC4-AED6-D65716137EE5}.Debug|x64.Build.0 = Debug|x64
		{078F66D4-FD5C-4EC4-AED6-D65716137EE5}.Release|Any CPU.ActiveCfg = Release|Win32
		{078F66D4-FD5C-4EC4-AED6-D65716137EE5}.Release|Win32.ActiveCfg = Release|Win32
		{078F66D4-FD5C-4EC4-AED6-D65716137EE5}.Release|Win32.Build.0 = Release|Win32
		{078F66D4-FD5C-4EC4-AED6-D65716137EE5}.Release|x64.ActiveCfg = Release|x64
		{078F66D4-FD5C-4EC4-AED6-D65716137EE5}.Release|x64.Build.0 = Release|x64
	EndGlobalSection
	GlobalSection(SolutionProperties) = preSolution
		HideSolutionNode = FALSE
	EndGlobalSection
EndGlobal
